
Microsoft Visual Studio Solution File, Format Version 12.00
# Visual Studio 14
VisualStudioVersion = 14.0.25420.1
MinimumVisualStudioVersion = 10.0.40219.1
Project("{8BC9CEB8-8B4A-11D0-8D11-00A0C91BC942}") = "EInkReader", "EinkReader\EInkReader.vcxproj", "{7E75DF69-242E-4B99-8816-0267D459E8A1}"
	ProjectSection(ProjectDependencies) = postProject
		{15596128-3B77-4CB5-A057-92CBD18C2140} = {15596128-3B77-4CB5-A057-92CBD18C2140}
	EndProjectSection
EndProject
Project("{8BC9CEB8-8B4A-11D0-8D11-00A0C91BC942}") = "EInkReaderLibrary", "EinkReaderLibrary\EinkReaderLibrary.vcxproj", "{15596128-3B77-4CB5-A057-92CBD18C2140}"
	ProjectSection(ProjectDependencies) = postProject
		{36526553-8646-475D-8E26-B2641EE6323E} = {36526553-8646-475D-8E26-B2641EE6323E}
	EndProjectSection
EndProject
Project("{8BC9CEB8-8B4A-11D0-8D11-00A0C91BC942}") = "EInkui", "EinkUi\einkui.vcxproj", "{36526553-8646-475D-8E26-B2641EE6323E}"
EndProject
Project("{8BC9CEB8-8B4A-11D0-8D11-00A0C91BC942}") = "ECtl", "ECtl\ECtl.vcxproj", "{0AE50C44-1E8C-463A-9678-CC682311F51E}"
	ProjectSection(ProjectDependencies) = postProject
		{36526553-8646-475D-8E26-B2641EE6323E} = {36526553-8646-475D-8E26-B2641EE6323E}
	EndProjectSection
EndProject
Project("{8BC9CEB8-8B4A-11D0-8D11-00A0C91BC942}") = "EdSmt", "EdSmt\EdSmt.vcxproj", "{C7B6DCD0-438B-4290-BAF3-9CE1040834A0}"
EndProject
Project("{8BC9CEB8-8B4A-11D0-8D11-00A0C91BC942}") = "EdTxt", "EdTxt\EdTxt.vcxproj", "{0F733F25-E04D-4ADE-876F-BD8D3079A6CC}"
EndProject
Project("{8BC9CEB8-8B4A-11D0-8D11-00A0C91BC942}") = "EInkIteAPI", "EinkIteAPI\EinkIteAPI.vcxproj", "{E052B328-F24D-47E4-902B-F439A4595BD0}"
EndProject
Global
	GlobalSection(SolutionConfigurationPlatforms) = preSolution
		Debug|x64 = Debug|x64
		Debug|x86 = Debug|x86
		Debug64|x64 = Debug64|x64
		Debug64|x86 = Debug64|x86
		Release|x64 = Release|x64
		Release|x86 = Release|x86
		RemoteDebug|x64 = RemoteDebug|x64
		RemoteDebug|x86 = RemoteDebug|x86
	EndGlobalSection
	GlobalSection(ProjectConfigurationPlatforms) = postSolution
		{7E75DF69-242E-4B99-8816-0267D459E8A1}.Debug|x64.ActiveCfg = Debug|x64
		{7E75DF69-242E-4B99-8816-0267D459E8A1}.Debug|x64.Build.0 = Debug|x64
		{7E75DF69-242E-4B99-8816-0267D459E8A1}.Debug|x86.ActiveCfg = Debug|Win32
		{7E75DF69-242E-4B99-8816-0267D459E8A1}.Debug|x86.Build.0 = Debug|Win32
		{7E75DF69-242E-4B99-8816-0267D459E8A1}.Debug64|x64.ActiveCfg = Debug|x64
		{7E75DF69-242E-4B99-8816-0267D459E8A1}.Debug64|x64.Build.0 = Debug|x64
		{7E75DF69-242E-4B99-8816-0267D459E8A1}.Debug64|x86.ActiveCfg = Debug|Win32
		{7E75DF69-242E-4B99-8816-0267D459E8A1}.Debug64|x86.Build.0 = Debug|Win32
		{7E75DF69-242E-4B99-8816-0267D459E8A1}.Release|x64.ActiveCfg = Release|x64
		{7E75DF69-242E-4B99-8816-0267D459E8A1}.Release|x64.Build.0 = Release|x64
		{7E75DF69-242E-4B99-8816-0267D459E8A1}.Release|x86.ActiveCfg = Release|Win32
		{7E75DF69-242E-4B99-8816-0267D459E8A1}.Release|x86.Build.0 = Release|Win32
		{7E75DF69-242E-4B99-8816-0267D459E8A1}.RemoteDebug|x64.ActiveCfg = RemoteDebug|x64
		{7E75DF69-242E-4B99-8816-0267D459E8A1}.RemoteDebug|x64.Build.0 = RemoteDebug|x64
		{7E75DF69-242E-4B99-8816-0267D459E8A1}.RemoteDebug|x86.ActiveCfg = RemoteDebug|Win32
		{7E75DF69-242E-4B99-8816-0267D459E8A1}.RemoteDebug|x86.Build.0 = RemoteDebug|Win32
		{15596128-3B77-4CB5-A057-92CBD18C2140}.Debug|x64.ActiveCfg = Debug|x64
		{15596128-3B77-4CB5-A057-92CBD18C2140}.Debug|x64.Build.0 = Debug|x64
		{15596128-3B77-4CB5-A057-92CBD18C2140}.Debug|x86.ActiveCfg = Debug|Win32
		{15596128-3B77-4CB5-A057-92CBD18C2140}.Debug|x86.Build.0 = Debug|Win32
		{15596128-3B77-4CB5-A057-92CBD18C2140}.Debug64|x64.ActiveCfg = Debug|x64
		{15596128-3B77-4CB5-A057-92CBD18C2140}.Debug64|x64.Build.0 = Debug|x64
		{15596128-3B77-4CB5-A057-92CBD18C2140}.Debug64|x86.ActiveCfg = Debug|Win32
		{15596128-3B77-4CB5-A057-92CBD18C2140}.Debug64|x86.Build.0 = Debug|Win32
		{15596128-3B77-4CB5-A057-92CBD18C2140}.Release|x64.ActiveCfg = Release|x64
		{15596128-3B77-4CB5-A057-92CBD18C2140}.Release|x64.Build.0 = Release|x64
		{15596128-3B77-4CB5-A057-92CBD18C2140}.Release|x86.ActiveCfg = Release|Win32
		{15596128-3B77-4CB5-A057-92CBD18C2140}.Release|x86.Build.0 = Release|Win32
		{15596128-3B77-4CB5-A057-92CBD18C2140}.RemoteDebug|x64.ActiveCfg = RemoteDebug|x64
		{15596128-3B77-4CB5-A057-92CBD18C2140}.RemoteDebug|x64.Build.0 = RemoteDebug|x64
		{15596128-3B77-4CB5-A057-92CBD18C2140}.RemoteDebug|x86.ActiveCfg = RemoteDebug|Win32
		{15596128-3B77-4CB5-A057-92CBD18C2140}.RemoteDebug|x86.Build.0 = RemoteDebug|Win32
		{36526553-8646-475D-8E26-B2641EE6323E}.Debug|x64.ActiveCfg = Debug|x64
		{36526553-8646-475D-8E26-B2641EE6323E}.Debug|x64.Build.0 = Debug|x64
		{36526553-8646-475D-8E26-B2641EE6323E}.Debug|x86.ActiveCfg = Debug|Win32
		{36526553-8646-475D-8E26-B2641EE6323E}.Debug|x86.Build.0 = Debug|Win32
		{36526553-8646-475D-8E26-B2641EE6323E}.Debug64|x64.ActiveCfg = Debug|x64
		{36526553-8646-475D-8E26-B2641EE6323E}.Debug64|x64.Build.0 = Debug|x64
		{36526553-8646-475D-8E26-B2641EE6323E}.Debug64|x86.ActiveCfg = Debug|Win32
		{36526553-8646-475D-8E26-B2641EE6323E}.Debug64|x86.Build.0 = Debug|Win32
		{36526553-8646-475D-8E26-B2641EE6323E}.Release|x64.ActiveCfg = Release|x64
		{36526553-8646-475D-8E26-B2641EE6323E}.Release|x64.Build.0 = Release|x64
		{36526553-8646-475D-8E26-B2641EE6323E}.Release|x86.ActiveCfg = Release|Win32
		{36526553-8646-475D-8E26-B2641EE6323E}.Release|x86.Build.0 = Release|Win32
		{36526553-8646-475D-8E26-B2641EE6323E}.RemoteDebug|x64.ActiveCfg = RemoteDebug|x64
		{36526553-8646-475D-8E26-B2641EE6323E}.RemoteDebug|x86.ActiveCfg = RemoteDebug|Win32
		{36526553-8646-475D-8E26-B2641EE6323E}.RemoteDebug|x86.Build.0 = RemoteDebug|Win32
		{0AE50C44-1E8C-463A-9678-CC682311F51E}.Debug|x64.ActiveCfg = Debug|x64
		{0AE50C44-1E8C-463A-9678-CC682311F51E}.Debug|x64.Build.0 = Debug|x64
		{0AE50C44-1E8C-463A-9678-CC682311F51E}.Debug|x86.ActiveCfg = Debug|Win32
		{0AE50C44-1E8C-463A-9678-CC682311F51E}.Debug|x86.Build.0 = Debug|Win32
		{0AE50C44-1E8C-463A-9678-CC682311F51E}.Debug64|x64.ActiveCfg = Debug|x64
		{0AE50C44-1E8C-463A-9678-CC682311F51E}.Debug64|x64.Build.0 = Debug|x64
		{0AE50C44-1E8C-463A-9678-CC682311F51E}.Debug64|x86.ActiveCfg = Debug|Win32
		{0AE50C44-1E8C-463A-9678-CC682311F51E}.Debug64|x86.Build.0 = Debug|Win32
		{0AE50C44-1E8C-463A-9678-CC682311F51E}.Release|x64.ActiveCfg = Release|x64
		{0AE50C44-1E8C-463A-9678-CC682311F51E}.Release|x64.Build.0 = Release|x64
		{0AE50C44-1E8C-463A-9678-CC682311F51E}.Release|x86.ActiveCfg = Release|Win32
		{0AE50C44-1E8C-463A-9678-CC682311F51E}.Release|x86.Build.0 = Release|Win32
		{0AE50C44-1E8C-463A-9678-CC682311F51E}.RemoteDebug|x64.ActiveCfg = RemoteDebug|x64
		{0AE50C44-1E8C-463A-9678-CC682311F51E}.RemoteDebug|x86.ActiveCfg = RemoteDebug|Win32
		{0AE50C44-1E8C-463A-9678-CC682311F51E}.RemoteDebug|x86.Build.0 = RemoteDebug|Win32
		{C7B6DCD0-438B-4290-BAF3-9CE1040834A0}.Debug|x64.ActiveCfg = Debug|x64
		{C7B6DCD0-438B-4290-BAF3-9CE1040834A0}.Debug|x64.Build.0 = Debug|x64
		{C7B6DCD0-438B-4290-BAF3-9CE1040834A0}.Debug|x86.ActiveCfg = Debug|Win32
		{C7B6DCD0-438B-4290-BAF3-9CE1040834A0}.Debug|x86.Build.0 = Debug|Win32
		{C7B6DCD0-438B-4290-BAF3-9CE1040834A0}.Debug64|x64.ActiveCfg = Debug|x64
		{C7B6DCD0-438B-4290-BAF3-9CE1040834A0}.Debug64|x64.Build.0 = Debug|x64
		{C7B6DCD0-438B-4290-BAF3-9CE1040834A0}.Debug64|x86.ActiveCfg = Debug|Win32
		{C7B6DCD0-438B-4290-BAF3-9CE1040834A0}.Debug64|x86.Build.0 = Debug|Win32
		{C7B6DCD0-438B-4290-BAF3-9CE1040834A0}.Release|x64.ActiveCfg = Release|x64
		{C7B6DCD0-438B-4290-BAF3-9CE1040834A0}.Release|x64.Build.0 = Release|x64
		{C7B6DCD0-438B-4290-BAF3-9CE1040834A0}.Release|x86.ActiveCfg = Release|Win32
		{C7B6DCD0-438B-4290-BAF3-9CE1040834A0}.Release|x86.Build.0 = Release|Win32
		{C7B6DCD0-438B-4290-BAF3-9CE1040834A0}.RemoteDebug|x64.ActiveCfg = RemoteDebug|x64
		{C7B6DCD0-438B-4290-BAF3-9CE1040834A0}.RemoteDebug|x64.Build.0 = RemoteDebug|x64
		{C7B6DCD0-438B-4290-BAF3-9CE1040834A0}.RemoteDebug|x86.ActiveCfg = Debug|Win32
		{C7B6DCD0-438B-4290-BAF3-9CE1040834A0}.RemoteDebug|x86.Build.0 = Debug|Win32
		{0F733F25-E04D-4ADE-876F-BD8D3079A6CC}.Debug|x64.ActiveCfg = Debug|x64
		{0F733F25-E04D-4ADE-876F-BD8D3079A6CC}.Debug|x64.Build.0 = Debug|x64
		{0F733F25-E04D-4ADE-876F-BD8D3079A6CC}.Debug|x86.ActiveCfg = Debug|Win32
		{0F733F25-E04D-4ADE-876F-BD8D3079A6CC}.Debug|x86.Build.0 = Debug|Win32
		{0F733F25-E04D-4ADE-876F-BD8D3079A6CC}.Debug64|x64.ActiveCfg = Debug|x64
		{0F733F25-E04D-4ADE-876F-BD8D3079A6CC}.Debug64|x64.Build.0 = Debug|x64
		{0F733F25-E04D-4ADE-876F-BD8D3079A6CC}.Debug64|x86.ActiveCfg = Debug|Win32
		{0F733F25-E04D-4ADE-876F-BD8D3079A6CC}.Debug64|x86.Build.0 = Debug|Win32
		{0F733F25-E04D-4ADE-876F-BD8D3079A6CC}.Release|x64.ActiveCfg = Release|x64
		{0F733F25-E04D-4ADE-876F-BD8D3079A6CC}.Release|x64.Build.0 = Release|x64
		{0F733F25-E04D-4ADE-876F-BD8D3079A6CC}.Release|x86.ActiveCfg = Release|Win32
		{0F733F25-E04D-4ADE-876F-BD8D3079A6CC}.Release|x86.Build.0 = Release|Win32
		{0F733F25-E04D-4ADE-876F-BD8D3079A6CC}.RemoteDebug|x64.ActiveCfg = RemoteDebug|x64
		{0F733F25-E04D-4ADE-876F-BD8D3079A6CC}.RemoteDebug|x64.Build.0 = RemoteDebug|x64
		{0F733F25-E04D-4ADE-876F-BD8D3079A6CC}.RemoteDebug|x86.ActiveCfg = Debug|Win32
		{0F733F25-E04D-4ADE-876F-BD8D3079A6CC}.RemoteDebug|x86.Build.0 = Debug|Win32
		{E052B328-F24D-47E4-902B-F439A4595BD0}.Debug|x64.ActiveCfg = Debug|x64
		{E052B328-F24D-47E4-902B-F439A4595BD0}.Debug|x64.Build.0 = Debug|x64
		{E052B328-F24D-47E4-902B-F439A4595BD0}.Debug|x86.ActiveCfg = Debug|Win32
		{E052B328-F24D-47E4-902B-F439A4595BD0}.Debug|x86.Build.0 = Debug|Win32
		{E052B328-F24D-47E4-902B-F439A4595BD0}.Debug64|x64.ActiveCfg = Debug64|x64
		{E052B328-F24D-47E4-902B-F439A4595BD0}.Debug64|x64.Build.0 = Debug64|x64
		{E052B328-F24D-47E4-902B-F439A4595BD0}.Debug64|x86.ActiveCfg = Debug64|Win32
		{E052B328-F24D-47E4-902B-F439A4595BD0}.Debug64|x86.Build.0 = Debug64|Win32
		{E052B328-F24D-47E4-902B-F439A4595BD0}.Release|x64.ActiveCfg = Release|x64
		{E052B328-F24D-47E4-902B-F439A4595BD0}.Release|x64.Build.0 = Release|x64
		{E052B328-F24D-47E4-902B-F439A4595BD0}.Release|x86.ActiveCfg = Release|Win32
		{E052B328-F24D-47E4-902B-F439A4595BD0}.Release|x86.Build.0 = Release|Win32
		{E052B328-F24D-47E4-902B-F439A4595BD0}.RemoteDebug|x64.ActiveCfg = RemoteDebug|x64
		{E052B328-F24D-47E4-902B-F439A4595BD0}.RemoteDebug|x64.Build.0 = RemoteDebug|x64
		{E052B328-F24D-47E4-902B-F439A4595BD0}.RemoteDebug|x86.ActiveCfg = RemoteDebug|Win32
		{E052B328-F24D-47E4-902B-F439A4595BD0}.RemoteDebug|x86.Build.0 = RemoteDebug|Win32
	EndGlobalSection
	GlobalSection(SolutionProperties) = preSolution
		HideSolutionNode = FALSE
	EndGlobalSection
EndGlobal
