
Microsoft Visual Studio Solution File, Format Version 12.00
# Visual Studio 15
VisualStudioVersion = 15.0.28307.168
MinimumVisualStudioVersion = 10.0.40219.1
Project("{8BC9CEB8-8B4A-11D0-8D11-00A0C91BC942}") = "EInkReader", "EinkReader\EInkReader.vcxproj", "{7E75DF69-242E-4B99-8816-0267D459E8A1}"
	ProjectSection(ProjectDependencies) = postProject
		{15596128-3B77-4CB5-A057-92CBD18C2140} = {15596128-3B77-4CB5-A057-92CBD18C2140}
	EndProjectSection
EndProject
Project("{8BC9CEB8-8B4A-11D0-8D11-00A0C91BC942}") = "EInkReaderLibrary", "EinkReaderLibrary\EinkReaderLibrary.vcxproj", "{15596128-3B77-4CB5-A057-92CBD18C2140}"
	ProjectSection(ProjectDependencies) = postProject
		{10565C82-8685-4B03-A821-6E91F35E43C3} = {10565C82-8685-4B03-A821-6E91F35E43C3}
	EndProjectSection
EndProject
Project("{8BC9CEB8-8B4A-11D0-8D11-00A0C91BC942}") = "EdSmt", "EdSmt\EdSmt.vcxproj", "{C7B6DCD0-438B-4290-BAF3-9CE1040834A0}"
EndProject
Project("{8BC9CEB8-8B4A-11D0-8D11-00A0C91BC942}") = "EdTxt", "EdTxt\EdTxt.vcxproj", "{0F733F25-E04D-4ADE-876F-BD8D3079A6CC}"
EndProject
Project("{8BC9CEB8-8B4A-11D0-8D11-00A0C91BC942}") = "EdPdf", "EdPdf\EdPdf.vcxproj", "{91B12FE2-3A3E-4CAC-8100-B9F90D67E339}"
EndProject
Project("{8BC9CEB8-8B4A-11D0-8D11-00A0C91BC942}") = "pdf_convert_lib", "pdf_convert_lib\pdf_convert_lib.vcxproj", "{10565C82-8685-4B03-A821-6E91F35E43C3}"
EndProject
Project("{8BC9CEB8-8B4A-11D0-8D11-00A0C91BC942}") = "EInkPngToPdf", "EInkPngToPdf\EInkPngToPdf.vcxproj", "{ACFC5C0A-CB69-4C09-B455-25461A5C6BD0}"
	ProjectSection(ProjectDependencies) = postProject
		{91B12FE2-3A3E-4CAC-8100-B9F90D67E339} = {91B12FE2-3A3E-4CAC-8100-B9F90D67E339}
	EndProjectSection
EndProject
Global
	GlobalSection(SolutionConfigurationPlatforms) = preSolution
		Debug|Win32 = Debug|Win32
		Debug|x64 = Debug|x64
		Debug|x86 = Debug|x86
		DebugCommercial|Win32 = DebugCommercial|Win32
		DebugCommercial|x64 = DebugCommercial|x64
		DebugCommercial|x86 = DebugCommercial|x86
		DebugGSView|Win32 = DebugGSView|Win32
		DebugGSView|x64 = DebugGSView|x64
		DebugGSView|x86 = DebugGSView|x86
		DebugJava|Win32 = DebugJava|Win32
		DebugJava|x64 = DebugJava|x64
		DebugJava|x86 = DebugJava|x86
		DebugOpenssl|Win32 = DebugOpenssl|Win32
		DebugOpenssl|x64 = DebugOpenssl|x64
		DebugOpenssl|x86 = DebugOpenssl|x86
		Memento|Win32 = Memento|Win32
		Memento|x64 = Memento|x64
		Memento|x86 = Memento|x86
		MementoCommercial|Win32 = MementoCommercial|Win32
		MementoCommercial|x64 = MementoCommercial|x64
		MementoCommercial|x86 = MementoCommercial|x86
		MementoOpenSSL|Win32 = MementoOpenSSL|Win32
		MementoOpenSSL|x64 = MementoOpenSSL|x64
		MementoOpenSSL|x86 = MementoOpenSSL|x86
		NiuRemoteDebug|Win32 = NiuRemoteDebug|Win32
		NiuRemoteDebug|x64 = NiuRemoteDebug|x64
		NiuRemoteDebug|x86 = NiuRemoteDebug|x86
		Release|Win32 = Release|Win32
		Release|x64 = Release|x64
		Release|x86 = Release|x86
		ReleaseCommercial|Win32 = ReleaseCommercial|Win32
		ReleaseCommercial|x64 = ReleaseCommercial|x64
		ReleaseCommercial|x86 = ReleaseCommercial|x86
		ReleaseGSView|Win32 = ReleaseGSView|Win32
		ReleaseGSView|x64 = ReleaseGSView|x64
		ReleaseGSView|x86 = ReleaseGSView|x86
		ReleaseJava|Win32 = ReleaseJava|Win32
		ReleaseJava|x64 = ReleaseJava|x64
		ReleaseJava|x86 = ReleaseJava|x86
		ReleaseOpenssl|Win32 = ReleaseOpenssl|Win32
		ReleaseOpenssl|x64 = ReleaseOpenssl|x64
		ReleaseOpenssl|x86 = ReleaseOpenssl|x86
		RemoteDebug|Win32 = RemoteDebug|Win32
		RemoteDebug|x64 = RemoteDebug|x64
		RemoteDebug|x86 = RemoteDebug|x86
	EndGlobalSection
	GlobalSection(ProjectConfigurationPlatforms) = postSolution
		{7E75DF69-242E-4B99-8816-0267D459E8A1}.Debug|Win32.ActiveCfg = Debug|Win32
		{7E75DF69-242E-4B99-8816-0267D459E8A1}.Debug|Win32.Build.0 = Debug|Win32
		{7E75DF69-242E-4B99-8816-0267D459E8A1}.Debug|x64.ActiveCfg = Debug|x64
		{7E75DF69-242E-4B99-8816-0267D459E8A1}.Debug|x64.Build.0 = Debug|x64
		{7E75DF69-242E-4B99-8816-0267D459E8A1}.Debug|x86.ActiveCfg = Debug|Win32
		{7E75DF69-242E-4B99-8816-0267D459E8A1}.Debug|x86.Build.0 = Debug|Win32
		{7E75DF69-242E-4B99-8816-0267D459E8A1}.DebugCommercial|Win32.ActiveCfg = Debug|Win32
		{7E75DF69-242E-4B99-8816-0267D459E8A1}.DebugCommercial|Win32.Build.0 = Debug|Win32
		{7E75DF69-242E-4B99-8816-0267D459E8A1}.DebugCommercial|x64.ActiveCfg = Debug|x64
		{7E75DF69-242E-4B99-8816-0267D459E8A1}.DebugCommercial|x64.Build.0 = Debug|x64
		{7E75DF69-242E-4B99-8816-0267D459E8A1}.DebugCommercial|x86.ActiveCfg = Debug|Win32
		{7E75DF69-242E-4B99-8816-0267D459E8A1}.DebugCommercial|x86.Build.0 = Debug|Win32
		{7E75DF69-242E-4B99-8816-0267D459E8A1}.DebugGSView|Win32.ActiveCfg = Debug|Win32
		{7E75DF69-242E-4B99-8816-0267D459E8A1}.DebugGSView|Win32.Build.0 = Debug|Win32
		{7E75DF69-242E-4B99-8816-0267D459E8A1}.DebugGSView|x64.ActiveCfg = Debug|x64
		{7E75DF69-242E-4B99-8816-0267D459E8A1}.DebugGSView|x64.Build.0 = Debug|x64
		{7E75DF69-242E-4B99-8816-0267D459E8A1}.DebugGSView|x86.ActiveCfg = Debug|Win32
		{7E75DF69-242E-4B99-8816-0267D459E8A1}.DebugGSView|x86.Build.0 = Debug|Win32
		{7E75DF69-242E-4B99-8816-0267D459E8A1}.DebugJava|Win32.ActiveCfg = Debug|Win32
		{7E75DF69-242E-4B99-8816-0267D459E8A1}.DebugJava|Win32.Build.0 = Debug|Win32
		{7E75DF69-242E-4B99-8816-0267D459E8A1}.DebugJava|x64.ActiveCfg = Debug|x64
		{7E75DF69-242E-4B99-8816-0267D459E8A1}.DebugJava|x64.Build.0 = Debug|x64
		{7E75DF69-242E-4B99-8816-0267D459E8A1}.DebugJava|x86.ActiveCfg = Debug|Win32
		{7E75DF69-242E-4B99-8816-0267D459E8A1}.DebugJava|x86.Build.0 = Debug|Win32
		{7E75DF69-242E-4B99-8816-0267D459E8A1}.DebugOpenssl|Win32.ActiveCfg = Debug|Win32
		{7E75DF69-242E-4B99-8816-0267D459E8A1}.DebugOpenssl|Win32.Build.0 = Debug|Win32
		{7E75DF69-242E-4B99-8816-0267D459E8A1}.DebugOpenssl|x64.ActiveCfg = Debug|x64
		{7E75DF69-242E-4B99-8816-0267D459E8A1}.DebugOpenssl|x64.Build.0 = Debug|x64
		{7E75DF69-242E-4B99-8816-0267D459E8A1}.DebugOpenssl|x86.ActiveCfg = Debug|Win32
		{7E75DF69-242E-4B99-8816-0267D459E8A1}.DebugOpenssl|x86.Build.0 = Debug|Win32
		{7E75DF69-242E-4B99-8816-0267D459E8A1}.Memento|Win32.ActiveCfg = RemoteDebug|Win32
		{7E75DF69-242E-4B99-8816-0267D459E8A1}.Memento|Win32.Build.0 = RemoteDebug|Win32
		{7E75DF69-242E-4B99-8816-0267D459E8A1}.Memento|x64.ActiveCfg = RemoteDebug|x64
		{7E75DF69-242E-4B99-8816-0267D459E8A1}.Memento|x64.Build.0 = RemoteDebug|x64
		{7E75DF69-242E-4B99-8816-0267D459E8A1}.Memento|x86.ActiveCfg = RemoteDebug|Win32
		{7E75DF69-242E-4B99-8816-0267D459E8A1}.Memento|x86.Build.0 = RemoteDebug|Win32
		{7E75DF69-242E-4B99-8816-0267D459E8A1}.MementoCommercial|Win32.ActiveCfg = RemoteDebug|Win32
		{7E75DF69-242E-4B99-8816-0267D459E8A1}.MementoCommercial|Win32.Build.0 = RemoteDebug|Win32
		{7E75DF69-242E-4B99-8816-0267D459E8A1}.MementoCommercial|x64.ActiveCfg = RemoteDebug|x64
		{7E75DF69-242E-4B99-8816-0267D459E8A1}.MementoCommercial|x64.Build.0 = RemoteDebug|x64
		{7E75DF69-242E-4B99-8816-0267D459E8A1}.MementoCommercial|x86.ActiveCfg = RemoteDebug|Win32
		{7E75DF69-242E-4B99-8816-0267D459E8A1}.MementoCommercial|x86.Build.0 = RemoteDebug|Win32
		{7E75DF69-242E-4B99-8816-0267D459E8A1}.MementoOpenSSL|Win32.ActiveCfg = RemoteDebug|Win32
		{7E75DF69-242E-4B99-8816-0267D459E8A1}.MementoOpenSSL|Win32.Build.0 = RemoteDebug|Win32
		{7E75DF69-242E-4B99-8816-0267D459E8A1}.MementoOpenSSL|x64.ActiveCfg = RemoteDebug|x64
		{7E75DF69-242E-4B99-8816-0267D459E8A1}.MementoOpenSSL|x64.Build.0 = RemoteDebug|x64
		{7E75DF69-242E-4B99-8816-0267D459E8A1}.MementoOpenSSL|x86.ActiveCfg = RemoteDebug|Win32
		{7E75DF69-242E-4B99-8816-0267D459E8A1}.MementoOpenSSL|x86.Build.0 = RemoteDebug|Win32
		{7E75DF69-242E-4B99-8816-0267D459E8A1}.NiuRemoteDebug|Win32.ActiveCfg = NiuRemoteDebug|Win32
		{7E75DF69-242E-4B99-8816-0267D459E8A1}.NiuRemoteDebug|Win32.Build.0 = NiuRemoteDebug|Win32
		{7E75DF69-242E-4B99-8816-0267D459E8A1}.NiuRemoteDebug|x64.ActiveCfg = NiuRemoteDebug|x64
		{7E75DF69-242E-4B99-8816-0267D459E8A1}.NiuRemoteDebug|x64.Build.0 = NiuRemoteDebug|x64
		{7E75DF69-242E-4B99-8816-0267D459E8A1}.NiuRemoteDebug|x86.ActiveCfg = NiuRemoteDebug|Win32
		{7E75DF69-242E-4B99-8816-0267D459E8A1}.NiuRemoteDebug|x86.Build.0 = NiuRemoteDebug|Win32
		{7E75DF69-242E-4B99-8816-0267D459E8A1}.Release|Win32.ActiveCfg = Release|Win32
		{7E75DF69-242E-4B99-8816-0267D459E8A1}.Release|Win32.Build.0 = Release|Win32
		{7E75DF69-242E-4B99-8816-0267D459E8A1}.Release|x64.ActiveCfg = Release|x64
		{7E75DF69-242E-4B99-8816-0267D459E8A1}.Release|x64.Build.0 = Release|x64
		{7E75DF69-242E-4B99-8816-0267D459E8A1}.Release|x86.ActiveCfg = Release|Win32
		{7E75DF69-242E-4B99-8816-0267D459E8A1}.Release|x86.Build.0 = Release|Win32
		{7E75DF69-242E-4B99-8816-0267D459E8A1}.ReleaseCommercial|Win32.ActiveCfg = Release|Win32
		{7E75DF69-242E-4B99-8816-0267D459E8A1}.ReleaseCommercial|Win32.Build.0 = Release|Win32
		{7E75DF69-242E-4B99-8816-0267D459E8A1}.ReleaseCommercial|x64.ActiveCfg = Release|x64
		{7E75DF69-242E-4B99-8816-0267D459E8A1}.ReleaseCommercial|x64.Build.0 = Release|x64
		{7E75DF69-242E-4B99-8816-0267D459E8A1}.ReleaseCommercial|x86.ActiveCfg = Release|Win32
		{7E75DF69-242E-4B99-8816-0267D459E8A1}.ReleaseCommercial|x86.Build.0 = Release|Win32
		{7E75DF69-242E-4B99-8816-0267D459E8A1}.ReleaseGSView|Win32.ActiveCfg = Release|Win32
		{7E75DF69-242E-4B99-8816-0267D459E8A1}.ReleaseGSView|Win32.Build.0 = Release|Win32
		{7E75DF69-242E-4B99-8816-0267D459E8A1}.ReleaseGSView|x64.ActiveCfg = Release|x64
		{7E75DF69-242E-4B99-8816-0267D459E8A1}.ReleaseGSView|x64.Build.0 = Release|x64
		{7E75DF69-242E-4B99-8816-0267D459E8A1}.ReleaseGSView|x86.ActiveCfg = Release|Win32
		{7E75DF69-242E-4B99-8816-0267D459E8A1}.ReleaseGSView|x86.Build.0 = Release|Win32
		{7E75DF69-242E-4B99-8816-0267D459E8A1}.ReleaseJava|Win32.ActiveCfg = Release|Win32
		{7E75DF69-242E-4B99-8816-0267D459E8A1}.ReleaseJava|Win32.Build.0 = Release|Win32
		{7E75DF69-242E-4B99-8816-0267D459E8A1}.ReleaseJava|x64.ActiveCfg = Release|x64
		{7E75DF69-242E-4B99-8816-0267D459E8A1}.ReleaseJava|x64.Build.0 = Release|x64
		{7E75DF69-242E-4B99-8816-0267D459E8A1}.ReleaseJava|x86.ActiveCfg = Release|Win32
		{7E75DF69-242E-4B99-8816-0267D459E8A1}.ReleaseJava|x86.Build.0 = Release|Win32
		{7E75DF69-242E-4B99-8816-0267D459E8A1}.ReleaseOpenssl|Win32.ActiveCfg = Release|Win32
		{7E75DF69-242E-4B99-8816-0267D459E8A1}.ReleaseOpenssl|Win32.Build.0 = Release|Win32
		{7E75DF69-242E-4B99-8816-0267D459E8A1}.ReleaseOpenssl|x64.ActiveCfg = Release|x64
		{7E75DF69-242E-4B99-8816-0267D459E8A1}.ReleaseOpenssl|x64.Build.0 = Release|x64
		{7E75DF69-242E-4B99-8816-0267D459E8A1}.ReleaseOpenssl|x86.ActiveCfg = Release|Win32
		{7E75DF69-242E-4B99-8816-0267D459E8A1}.ReleaseOpenssl|x86.Build.0 = Release|Win32
		{7E75DF69-242E-4B99-8816-0267D459E8A1}.RemoteDebug|Win32.ActiveCfg = RemoteDebug|Win32
		{7E75DF69-242E-4B99-8816-0267D459E8A1}.RemoteDebug|Win32.Build.0 = RemoteDebug|Win32
		{7E75DF69-242E-4B99-8816-0267D459E8A1}.RemoteDebug|x64.ActiveCfg = RemoteDebug|x64
		{7E75DF69-242E-4B99-8816-0267D459E8A1}.RemoteDebug|x64.Build.0 = RemoteDebug|x64
		{7E75DF69-242E-4B99-8816-0267D459E8A1}.RemoteDebug|x86.ActiveCfg = RemoteDebug|Win32
		{7E75DF69-242E-4B99-8816-0267D459E8A1}.RemoteDebug|x86.Build.0 = RemoteDebug|Win32
		{15596128-3B77-4CB5-A057-92CBD18C2140}.Debug|Win32.ActiveCfg = Debug|Win32
		{15596128-3B77-4CB5-A057-92CBD18C2140}.Debug|Win32.Build.0 = Debug|Win32
		{15596128-3B77-4CB5-A057-92CBD18C2140}.Debug|x64.ActiveCfg = Debug|x64
		{15596128-3B77-4CB5-A057-92CBD18C2140}.Debug|x64.Build.0 = Debug|x64
		{15596128-3B77-4CB5-A057-92CBD18C2140}.Debug|x86.ActiveCfg = Debug|Win32
		{15596128-3B77-4CB5-A057-92CBD18C2140}.Debug|x86.Build.0 = Debug|Win32
		{15596128-3B77-4CB5-A057-92CBD18C2140}.DebugCommercial|Win32.ActiveCfg = Debug|Win32
		{15596128-3B77-4CB5-A057-92CBD18C2140}.DebugCommercial|Win32.Build.0 = Debug|Win32
		{15596128-3B77-4CB5-A057-92CBD18C2140}.DebugCommercial|x64.ActiveCfg = Debug|x64
		{15596128-3B77-4CB5-A057-92CBD18C2140}.DebugCommercial|x64.Build.0 = Debug|x64
		{15596128-3B77-4CB5-A057-92CBD18C2140}.DebugCommercial|x86.ActiveCfg = Debug|Win32
		{15596128-3B77-4CB5-A057-92CBD18C2140}.DebugCommercial|x86.Build.0 = Debug|Win32
		{15596128-3B77-4CB5-A057-92CBD18C2140}.DebugGSView|Win32.ActiveCfg = Debug|Win32
		{15596128-3B77-4CB5-A057-92CBD18C2140}.DebugGSView|Win32.Build.0 = Debug|Win32
		{15596128-3B77-4CB5-A057-92CBD18C2140}.DebugGSView|x64.ActiveCfg = Debug|x64
		{15596128-3B77-4CB5-A057-92CBD18C2140}.DebugGSView|x64.Build.0 = Debug|x64
		{15596128-3B77-4CB5-A057-92CBD18C2140}.DebugGSView|x86.ActiveCfg = Debug|Win32
		{15596128-3B77-4CB5-A057-92CBD18C2140}.DebugGSView|x86.Build.0 = Debug|Win32
		{15596128-3B77-4CB5-A057-92CBD18C2140}.DebugJava|Win32.ActiveCfg = Debug|Win32
		{15596128-3B77-4CB5-A057-92CBD18C2140}.DebugJava|Win32.Build.0 = Debug|Win32
		{15596128-3B77-4CB5-A057-92CBD18C2140}.DebugJava|x64.ActiveCfg = Debug|x64
		{15596128-3B77-4CB5-A057-92CBD18C2140}.DebugJava|x64.Build.0 = Debug|x64
		{15596128-3B77-4CB5-A057-92CBD18C2140}.DebugJava|x86.ActiveCfg = Debug|Win32
		{15596128-3B77-4CB5-A057-92CBD18C2140}.DebugJava|x86.Build.0 = Debug|Win32
		{15596128-3B77-4CB5-A057-92CBD18C2140}.DebugOpenssl|Win32.ActiveCfg = Debug|Win32
		{15596128-3B77-4CB5-A057-92CBD18C2140}.DebugOpenssl|Win32.Build.0 = Debug|Win32
		{15596128-3B77-4CB5-A057-92CBD18C2140}.DebugOpenssl|x64.ActiveCfg = Debug|x64
		{15596128-3B77-4CB5-A057-92CBD18C2140}.DebugOpenssl|x64.Build.0 = Debug|x64
		{15596128-3B77-4CB5-A057-92CBD18C2140}.DebugOpenssl|x86.ActiveCfg = Debug|Win32
		{15596128-3B77-4CB5-A057-92CBD18C2140}.DebugOpenssl|x86.Build.0 = Debug|Win32
		{15596128-3B77-4CB5-A057-92CBD18C2140}.Memento|Win32.ActiveCfg = RemoteDebug|Win32
		{15596128-3B77-4CB5-A057-92CBD18C2140}.Memento|Win32.Build.0 = RemoteDebug|Win32
		{15596128-3B77-4CB5-A057-92CBD18C2140}.Memento|x64.ActiveCfg = RemoteDebug|x64
		{15596128-3B77-4CB5-A057-92CBD18C2140}.Memento|x64.Build.0 = RemoteDebug|x64
		{15596128-3B77-4CB5-A057-92CBD18C2140}.Memento|x86.ActiveCfg = RemoteDebug|Win32
		{15596128-3B77-4CB5-A057-92CBD18C2140}.Memento|x86.Build.0 = RemoteDebug|Win32
		{15596128-3B77-4CB5-A057-92CBD18C2140}.MementoCommercial|Win32.ActiveCfg = RemoteDebug|Win32
		{15596128-3B77-4CB5-A057-92CBD18C2140}.MementoCommercial|Win32.Build.0 = RemoteDebug|Win32
		{15596128-3B77-4CB5-A057-92CBD18C2140}.MementoCommercial|x64.ActiveCfg = RemoteDebug|x64
		{15596128-3B77-4CB5-A057-92CBD18C2140}.MementoCommercial|x64.Build.0 = RemoteDebug|x64
		{15596128-3B77-4CB5-A057-92CBD18C2140}.MementoCommercial|x86.ActiveCfg = RemoteDebug|Win32
		{15596128-3B77-4CB5-A057-92CBD18C2140}.MementoCommercial|x86.Build.0 = RemoteDebug|Win32
		{15596128-3B77-4CB5-A057-92CBD18C2140}.MementoOpenSSL|Win32.ActiveCfg = RemoteDebug|Win32
		{15596128-3B77-4CB5-A057-92CBD18C2140}.MementoOpenSSL|Win32.Build.0 = RemoteDebug|Win32
		{15596128-3B77-4CB5-A057-92CBD18C2140}.MementoOpenSSL|x64.ActiveCfg = RemoteDebug|x64
		{15596128-3B77-4CB5-A057-92CBD18C2140}.MementoOpenSSL|x64.Build.0 = RemoteDebug|x64
		{15596128-3B77-4CB5-A057-92CBD18C2140}.MementoOpenSSL|x86.ActiveCfg = RemoteDebug|Win32
		{15596128-3B77-4CB5-A057-92CBD18C2140}.MementoOpenSSL|x86.Build.0 = RemoteDebug|Win32
		{15596128-3B77-4CB5-A057-92CBD18C2140}.NiuRemoteDebug|Win32.ActiveCfg = NiuRemoteDebug|Win32
		{15596128-3B77-4CB5-A057-92CBD18C2140}.NiuRemoteDebug|Win32.Build.0 = NiuRemoteDebug|Win32
		{15596128-3B77-4CB5-A057-92CBD18C2140}.NiuRemoteDebug|x64.ActiveCfg = NiuRemoteDebug|x64
		{15596128-3B77-4CB5-A057-92CBD18C2140}.NiuRemoteDebug|x64.Build.0 = NiuRemoteDebug|x64
		{15596128-3B77-4CB5-A057-92CBD18C2140}.NiuRemoteDebug|x86.ActiveCfg = NiuRemoteDebug|Win32
		{15596128-3B77-4CB5-A057-92CBD18C2140}.NiuRemoteDebug|x86.Build.0 = NiuRemoteDebug|Win32
		{15596128-3B77-4CB5-A057-92CBD18C2140}.Release|Win32.ActiveCfg = Release|Win32
		{15596128-3B77-4CB5-A057-92CBD18C2140}.Release|Win32.Build.0 = Release|Win32
		{15596128-3B77-4CB5-A057-92CBD18C2140}.Release|x64.ActiveCfg = Release|x64
		{15596128-3B77-4CB5-A057-92CBD18C2140}.Release|x64.Build.0 = Release|x64
		{15596128-3B77-4CB5-A057-92CBD18C2140}.Release|x86.ActiveCfg = Release|Win32
		{15596128-3B77-4CB5-A057-92CBD18C2140}.Release|x86.Build.0 = Release|Win32
		{15596128-3B77-4CB5-A057-92CBD18C2140}.ReleaseCommercial|Win32.ActiveCfg = Release|Win32
		{15596128-3B77-4CB5-A057-92CBD18C2140}.ReleaseCommercial|Win32.Build.0 = Release|Win32
		{15596128-3B77-4CB5-A057-92CBD18C2140}.ReleaseCommercial|x64.ActiveCfg = Release|x64
		{15596128-3B77-4CB5-A057-92CBD18C2140}.ReleaseCommercial|x64.Build.0 = Release|x64
		{15596128-3B77-4CB5-A057-92CBD18C2140}.ReleaseCommercial|x86.ActiveCfg = Release|Win32
		{15596128-3B77-4CB5-A057-92CBD18C2140}.ReleaseCommercial|x86.Build.0 = Release|Win32
		{15596128-3B77-4CB5-A057-92CBD18C2140}.ReleaseGSView|Win32.ActiveCfg = Release|Win32
		{15596128-3B77-4CB5-A057-92CBD18C2140}.ReleaseGSView|Win32.Build.0 = Release|Win32
		{15596128-3B77-4CB5-A057-92CBD18C2140}.ReleaseGSView|x64.ActiveCfg = Release|x64
		{15596128-3B77-4CB5-A057-92CBD18C2140}.ReleaseGSView|x64.Build.0 = Release|x64
		{15596128-3B77-4CB5-A057-92CBD18C2140}.ReleaseGSView|x86.ActiveCfg = Release|Win32
		{15596128-3B77-4CB5-A057-92CBD18C2140}.ReleaseGSView|x86.Build.0 = Release|Win32
		{15596128-3B77-4CB5-A057-92CBD18C2140}.ReleaseJava|Win32.ActiveCfg = Release|Win32
		{15596128-3B77-4CB5-A057-92CBD18C2140}.ReleaseJava|Win32.Build.0 = Release|Win32
		{15596128-3B77-4CB5-A057-92CBD18C2140}.ReleaseJava|x64.ActiveCfg = Release|x64
		{15596128-3B77-4CB5-A057-92CBD18C2140}.ReleaseJava|x64.Build.0 = Release|x64
		{15596128-3B77-4CB5-A057-92CBD18C2140}.ReleaseJava|x86.ActiveCfg = Release|Win32
		{15596128-3B77-4CB5-A057-92CBD18C2140}.ReleaseJava|x86.Build.0 = Release|Win32
		{15596128-3B77-4CB5-A057-92CBD18C2140}.ReleaseOpenssl|Win32.ActiveCfg = Release|Win32
		{15596128-3B77-4CB5-A057-92CBD18C2140}.ReleaseOpenssl|Win32.Build.0 = Release|Win32
		{15596128-3B77-4CB5-A057-92CBD18C2140}.ReleaseOpenssl|x64.ActiveCfg = Release|x64
		{15596128-3B77-4CB5-A057-92CBD18C2140}.ReleaseOpenssl|x64.Build.0 = Release|x64
		{15596128-3B77-4CB5-A057-92CBD18C2140}.ReleaseOpenssl|x86.ActiveCfg = Release|Win32
		{15596128-3B77-4CB5-A057-92CBD18C2140}.ReleaseOpenssl|x86.Build.0 = Release|Win32
		{15596128-3B77-4CB5-A057-92CBD18C2140}.RemoteDebug|Win32.ActiveCfg = RemoteDebug|Win32
		{15596128-3B77-4CB5-A057-92CBD18C2140}.RemoteDebug|Win32.Build.0 = RemoteDebug|Win32
		{15596128-3B77-4CB5-A057-92CBD18C2140}.RemoteDebug|x64.ActiveCfg = RemoteDebug|x64
		{15596128-3B77-4CB5-A057-92CBD18C2140}.RemoteDebug|x64.Build.0 = RemoteDebug|x64
		{15596128-3B77-4CB5-A057-92CBD18C2140}.RemoteDebug|x86.ActiveCfg = RemoteDebug|Win32
		{15596128-3B77-4CB5-A057-92CBD18C2140}.RemoteDebug|x86.Build.0 = RemoteDebug|Win32
		{C7B6DCD0-438B-4290-BAF3-9CE1040834A0}.Debug|Win32.ActiveCfg = Debug|Win32
		{C7B6DCD0-438B-4290-BAF3-9CE1040834A0}.Debug|Win32.Build.0 = Debug|Win32
		{C7B6DCD0-438B-4290-BAF3-9CE1040834A0}.Debug|x64.ActiveCfg = Debug|x64
		{C7B6DCD0-438B-4290-BAF3-9CE1040834A0}.Debug|x64.Build.0 = Debug|x64
		{C7B6DCD0-438B-4290-BAF3-9CE1040834A0}.Debug|x86.ActiveCfg = Debug|Win32
		{C7B6DCD0-438B-4290-BAF3-9CE1040834A0}.Debug|x86.Build.0 = Debug|Win32
		{C7B6DCD0-438B-4290-BAF3-9CE1040834A0}.DebugCommercial|Win32.ActiveCfg = Debug|Win32
		{C7B6DCD0-438B-4290-BAF3-9CE1040834A0}.DebugCommercial|Win32.Build.0 = Debug|Win32
		{C7B6DCD0-438B-4290-BAF3-9CE1040834A0}.DebugCommercial|x64.ActiveCfg = Debug|x64
		{C7B6DCD0-438B-4290-BAF3-9CE1040834A0}.DebugCommercial|x64.Build.0 = Debug|x64
		{C7B6DCD0-438B-4290-BAF3-9CE1040834A0}.DebugCommercial|x86.ActiveCfg = Debug|Win32
		{C7B6DCD0-438B-4290-BAF3-9CE1040834A0}.DebugCommercial|x86.Build.0 = Debug|Win32
		{C7B6DCD0-438B-4290-BAF3-9CE1040834A0}.DebugGSView|Win32.ActiveCfg = Debug|Win32
		{C7B6DCD0-438B-4290-BAF3-9CE1040834A0}.DebugGSView|Win32.Build.0 = Debug|Win32
		{C7B6DCD0-438B-4290-BAF3-9CE1040834A0}.DebugGSView|x64.ActiveCfg = Debug|x64
		{C7B6DCD0-438B-4290-BAF3-9CE1040834A0}.DebugGSView|x64.Build.0 = Debug|x64
		{C7B6DCD0-438B-4290-BAF3-9CE1040834A0}.DebugGSView|x86.ActiveCfg = Debug|Win32
		{C7B6DCD0-438B-4290-BAF3-9CE1040834A0}.DebugGSView|x86.Build.0 = Debug|Win32
		{C7B6DCD0-438B-4290-BAF3-9CE1040834A0}.DebugJava|Win32.ActiveCfg = Debug|Win32
		{C7B6DCD0-438B-4290-BAF3-9CE1040834A0}.DebugJava|Win32.Build.0 = Debug|Win32
		{C7B6DCD0-438B-4290-BAF3-9CE1040834A0}.DebugJava|x64.ActiveCfg = Debug|x64
		{C7B6DCD0-438B-4290-BAF3-9CE1040834A0}.DebugJava|x64.Build.0 = Debug|x64
		{C7B6DCD0-438B-4290-BAF3-9CE1040834A0}.DebugJava|x86.ActiveCfg = Debug|Win32
		{C7B6DCD0-438B-4290-BAF3-9CE1040834A0}.DebugJava|x86.Build.0 = Debug|Win32
		{C7B6DCD0-438B-4290-BAF3-9CE1040834A0}.DebugOpenssl|Win32.ActiveCfg = Debug|Win32
		{C7B6DCD0-438B-4290-BAF3-9CE1040834A0}.DebugOpenssl|Win32.Build.0 = Debug|Win32
		{C7B6DCD0-438B-4290-BAF3-9CE1040834A0}.DebugOpenssl|x64.ActiveCfg = Debug|x64
		{C7B6DCD0-438B-4290-BAF3-9CE1040834A0}.DebugOpenssl|x64.Build.0 = Debug|x64
		{C7B6DCD0-438B-4290-BAF3-9CE1040834A0}.DebugOpenssl|x86.ActiveCfg = Debug|Win32
		{C7B6DCD0-438B-4290-BAF3-9CE1040834A0}.DebugOpenssl|x86.Build.0 = Debug|Win32
		{C7B6DCD0-438B-4290-BAF3-9CE1040834A0}.Memento|Win32.ActiveCfg = RemoteDebug|Win32
		{C7B6DCD0-438B-4290-BAF3-9CE1040834A0}.Memento|Win32.Build.0 = RemoteDebug|Win32
		{C7B6DCD0-438B-4290-BAF3-9CE1040834A0}.Memento|x64.ActiveCfg = RemoteDebug|x64
		{C7B6DCD0-438B-4290-BAF3-9CE1040834A0}.Memento|x64.Build.0 = RemoteDebug|x64
		{C7B6DCD0-438B-4290-BAF3-9CE1040834A0}.Memento|x86.ActiveCfg = RemoteDebug|Win32
		{C7B6DCD0-438B-4290-BAF3-9CE1040834A0}.Memento|x86.Build.0 = RemoteDebug|Win32
		{C7B6DCD0-438B-4290-BAF3-9CE1040834A0}.MementoCommercial|Win32.ActiveCfg = RemoteDebug|Win32
		{C7B6DCD0-438B-4290-BAF3-9CE1040834A0}.MementoCommercial|Win32.Build.0 = RemoteDebug|Win32
		{C7B6DCD0-438B-4290-BAF3-9CE1040834A0}.MementoCommercial|x64.ActiveCfg = RemoteDebug|x64
		{C7B6DCD0-438B-4290-BAF3-9CE1040834A0}.MementoCommercial|x64.Build.0 = RemoteDebug|x64
		{C7B6DCD0-438B-4290-BAF3-9CE1040834A0}.MementoCommercial|x86.ActiveCfg = RemoteDebug|Win32
		{C7B6DCD0-438B-4290-BAF3-9CE1040834A0}.MementoCommercial|x86.Build.0 = RemoteDebug|Win32
		{C7B6DCD0-438B-4290-BAF3-9CE1040834A0}.MementoOpenSSL|Win32.ActiveCfg = RemoteDebug|Win32
		{C7B6DCD0-438B-4290-BAF3-9CE1040834A0}.MementoOpenSSL|Win32.Build.0 = RemoteDebug|Win32
		{C7B6DCD0-438B-4290-BAF3-9CE1040834A0}.MementoOpenSSL|x64.ActiveCfg = RemoteDebug|x64
		{C7B6DCD0-438B-4290-BAF3-9CE1040834A0}.MementoOpenSSL|x64.Build.0 = RemoteDebug|x64
		{C7B6DCD0-438B-4290-BAF3-9CE1040834A0}.MementoOpenSSL|x86.ActiveCfg = RemoteDebug|Win32
		{C7B6DCD0-438B-4290-BAF3-9CE1040834A0}.MementoOpenSSL|x86.Build.0 = RemoteDebug|Win32
		{C7B6DCD0-438B-4290-BAF3-9CE1040834A0}.NiuRemoteDebug|Win32.ActiveCfg = NiuRemoteDebug|Win32
		{C7B6DCD0-438B-4290-BAF3-9CE1040834A0}.NiuRemoteDebug|Win32.Build.0 = NiuRemoteDebug|Win32
		{C7B6DCD0-438B-4290-BAF3-9CE1040834A0}.NiuRemoteDebug|x64.ActiveCfg = NiuRemoteDebug|x64
		{C7B6DCD0-438B-4290-BAF3-9CE1040834A0}.NiuRemoteDebug|x64.Build.0 = NiuRemoteDebug|x64
		{C7B6DCD0-438B-4290-BAF3-9CE1040834A0}.NiuRemoteDebug|x86.ActiveCfg = NiuRemoteDebug|Win32
		{C7B6DCD0-438B-4290-BAF3-9CE1040834A0}.NiuRemoteDebug|x86.Build.0 = NiuRemoteDebug|Win32
		{C7B6DCD0-438B-4290-BAF3-9CE1040834A0}.Release|Win32.ActiveCfg = Release|Win32
		{C7B6DCD0-438B-4290-BAF3-9CE1040834A0}.Release|Win32.Build.0 = Release|Win32
		{C7B6DCD0-438B-4290-BAF3-9CE1040834A0}.Release|x64.ActiveCfg = Release|x64
		{C7B6DCD0-438B-4290-BAF3-9CE1040834A0}.Release|x64.Build.0 = Release|x64
		{C7B6DCD0-438B-4290-BAF3-9CE1040834A0}.Release|x86.ActiveCfg = Release|Win32
		{C7B6DCD0-438B-4290-BAF3-9CE1040834A0}.Release|x86.Build.0 = Release|Win32
		{C7B6DCD0-438B-4290-BAF3-9CE1040834A0}.ReleaseCommercial|Win32.ActiveCfg = Release|Win32
		{C7B6DCD0-438B-4290-BAF3-9CE1040834A0}.ReleaseCommercial|Win32.Build.0 = Release|Win32
		{C7B6DCD0-438B-4290-BAF3-9CE1040834A0}.ReleaseCommercial|x64.ActiveCfg = Release|x64
		{C7B6DCD0-438B-4290-BAF3-9CE1040834A0}.ReleaseCommercial|x64.Build.0 = Release|x64
		{C7B6DCD0-438B-4290-BAF3-9CE1040834A0}.ReleaseCommercial|x86.ActiveCfg = Release|Win32
		{C7B6DCD0-438B-4290-BAF3-9CE1040834A0}.ReleaseCommercial|x86.Build.0 = Release|Win32
		{C7B6DCD0-438B-4290-BAF3-9CE1040834A0}.ReleaseGSView|Win32.ActiveCfg = Release|Win32
		{C7B6DCD0-438B-4290-BAF3-9CE1040834A0}.ReleaseGSView|Win32.Build.0 = Release|Win32
		{C7B6DCD0-438B-4290-BAF3-9CE1040834A0}.ReleaseGSView|x64.ActiveCfg = Release|x64
		{C7B6DCD0-438B-4290-BAF3-9CE1040834A0}.ReleaseGSView|x64.Build.0 = Release|x64
		{C7B6DCD0-438B-4290-BAF3-9CE1040834A0}.ReleaseGSView|x86.ActiveCfg = Release|Win32
		{C7B6DCD0-438B-4290-BAF3-9CE1040834A0}.ReleaseGSView|x86.Build.0 = Release|Win32
		{C7B6DCD0-438B-4290-BAF3-9CE1040834A0}.ReleaseJava|Win32.ActiveCfg = Release|Win32
		{C7B6DCD0-438B-4290-BAF3-9CE1040834A0}.ReleaseJava|Win32.Build.0 = Release|Win32
		{C7B6DCD0-438B-4290-BAF3-9CE1040834A0}.ReleaseJava|x64.ActiveCfg = Release|x64
		{C7B6DCD0-438B-4290-BAF3-9CE1040834A0}.ReleaseJava|x64.Build.0 = Release|x64
		{C7B6DCD0-438B-4290-BAF3-9CE1040834A0}.ReleaseJava|x86.ActiveCfg = Release|Win32
		{C7B6DCD0-438B-4290-BAF3-9CE1040834A0}.ReleaseJava|x86.Build.0 = Release|Win32
		{C7B6DCD0-438B-4290-BAF3-9CE1040834A0}.ReleaseOpenssl|Win32.ActiveCfg = Release|Win32
		{C7B6DCD0-438B-4290-BAF3-9CE1040834A0}.ReleaseOpenssl|Win32.Build.0 = Release|Win32
		{C7B6DCD0-438B-4290-BAF3-9CE1040834A0}.ReleaseOpenssl|x64.ActiveCfg = Release|x64
		{C7B6DCD0-438B-4290-BAF3-9CE1040834A0}.ReleaseOpenssl|x64.Build.0 = Release|x64
		{C7B6DCD0-438B-4290-BAF3-9CE1040834A0}.ReleaseOpenssl|x86.ActiveCfg = Release|Win32
		{C7B6DCD0-438B-4290-BAF3-9CE1040834A0}.ReleaseOpenssl|x86.Build.0 = Release|Win32
		{C7B6DCD0-438B-4290-BAF3-9CE1040834A0}.RemoteDebug|Win32.ActiveCfg = RemoteDebug|Win32
		{C7B6DCD0-438B-4290-BAF3-9CE1040834A0}.RemoteDebug|Win32.Build.0 = RemoteDebug|Win32
		{C7B6DCD0-438B-4290-BAF3-9CE1040834A0}.RemoteDebug|x64.ActiveCfg = RemoteDebug|x64
		{C7B6DCD0-438B-4290-BAF3-9CE1040834A0}.RemoteDebug|x64.Build.0 = RemoteDebug|x64
		{C7B6DCD0-438B-4290-BAF3-9CE1040834A0}.RemoteDebug|x86.ActiveCfg = RemoteDebug|Win32
		{C7B6DCD0-438B-4290-BAF3-9CE1040834A0}.RemoteDebug|x86.Build.0 = RemoteDebug|Win32
		{0F733F25-E04D-4ADE-876F-BD8D3079A6CC}.Debug|Win32.ActiveCfg = Debug|Win32
		{0F733F25-E04D-4ADE-876F-BD8D3079A6CC}.Debug|Win32.Build.0 = Debug|Win32
		{0F733F25-E04D-4ADE-876F-BD8D3079A6CC}.Debug|x64.ActiveCfg = Debug|x64
		{0F733F25-E04D-4ADE-876F-BD8D3079A6CC}.Debug|x64.Build.0 = Debug|x64
		{0F733F25-E04D-4ADE-876F-BD8D3079A6CC}.Debug|x86.ActiveCfg = Debug|Win32
		{0F733F25-E04D-4ADE-876F-BD8D3079A6CC}.Debug|x86.Build.0 = Debug|Win32
		{0F733F25-E04D-4ADE-876F-BD8D3079A6CC}.DebugCommercial|Win32.ActiveCfg = Debug|Win32
		{0F733F25-E04D-4ADE-876F-BD8D3079A6CC}.DebugCommercial|Win32.Build.0 = Debug|Win32
		{0F733F25-E04D-4ADE-876F-BD8D3079A6CC}.DebugCommercial|x64.ActiveCfg = Debug|x64
		{0F733F25-E04D-4ADE-876F-BD8D3079A6CC}.DebugCommercial|x64.Build.0 = Debug|x64
		{0F733F25-E04D-4ADE-876F-BD8D3079A6CC}.DebugCommercial|x86.ActiveCfg = Debug|Win32
		{0F733F25-E04D-4ADE-876F-BD8D3079A6CC}.DebugCommercial|x86.Build.0 = Debug|Win32
		{0F733F25-E04D-4ADE-876F-BD8D3079A6CC}.DebugGSView|Win32.ActiveCfg = Debug|Win32
		{0F733F25-E04D-4ADE-876F-BD8D3079A6CC}.DebugGSView|Win32.Build.0 = Debug|Win32
		{0F733F25-E04D-4ADE-876F-BD8D3079A6CC}.DebugGSView|x64.ActiveCfg = Debug|x64
		{0F733F25-E04D-4ADE-876F-BD8D3079A6CC}.DebugGSView|x64.Build.0 = Debug|x64
		{0F733F25-E04D-4ADE-876F-BD8D3079A6CC}.DebugGSView|x86.ActiveCfg = Debug|Win32
		{0F733F25-E04D-4ADE-876F-BD8D3079A6CC}.DebugGSView|x86.Build.0 = Debug|Win32
		{0F733F25-E04D-4ADE-876F-BD8D3079A6CC}.DebugJava|Win32.ActiveCfg = Debug|Win32
		{0F733F25-E04D-4ADE-876F-BD8D3079A6CC}.DebugJava|Win32.Build.0 = Debug|Win32
		{0F733F25-E04D-4ADE-876F-BD8D3079A6CC}.DebugJava|x64.ActiveCfg = Debug|x64
		{0F733F25-E04D-4ADE-876F-BD8D3079A6CC}.DebugJava|x64.Build.0 = Debug|x64
		{0F733F25-E04D-4ADE-876F-BD8D3079A6CC}.DebugJava|x86.ActiveCfg = Debug|Win32
		{0F733F25-E04D-4ADE-876F-BD8D3079A6CC}.DebugJava|x86.Build.0 = Debug|Win32
		{0F733F25-E04D-4ADE-876F-BD8D3079A6CC}.DebugOpenssl|Win32.ActiveCfg = Debug|Win32
		{0F733F25-E04D-4ADE-876F-BD8D3079A6CC}.DebugOpenssl|Win32.Build.0 = Debug|Win32
		{0F733F25-E04D-4ADE-876F-BD8D3079A6CC}.DebugOpenssl|x64.ActiveCfg = Debug|x64
		{0F733F25-E04D-4ADE-876F-BD8D3079A6CC}.DebugOpenssl|x64.Build.0 = Debug|x64
		{0F733F25-E04D-4ADE-876F-BD8D3079A6CC}.DebugOpenssl|x86.ActiveCfg = Debug|Win32
		{0F733F25-E04D-4ADE-876F-BD8D3079A6CC}.DebugOpenssl|x86.Build.0 = Debug|Win32
		{0F733F25-E04D-4ADE-876F-BD8D3079A6CC}.Memento|Win32.ActiveCfg = RemoteDebug|Win32
		{0F733F25-E04D-4ADE-876F-BD8D3079A6CC}.Memento|Win32.Build.0 = RemoteDebug|Win32
		{0F733F25-E04D-4ADE-876F-BD8D3079A6CC}.Memento|x64.ActiveCfg = RemoteDebug|x64
		{0F733F25-E04D-4ADE-876F-BD8D3079A6CC}.Memento|x64.Build.0 = RemoteDebug|x64
		{0F733F25-E04D-4ADE-876F-BD8D3079A6CC}.Memento|x86.ActiveCfg = RemoteDebug|Win32
		{0F733F25-E04D-4ADE-876F-BD8D3079A6CC}.Memento|x86.Build.0 = RemoteDebug|Win32
		{0F733F25-E04D-4ADE-876F-BD8D3079A6CC}.MementoCommercial|Win32.ActiveCfg = RemoteDebug|Win32
		{0F733F25-E04D-4ADE-876F-BD8D3079A6CC}.MementoCommercial|Win32.Build.0 = RemoteDebug|Win32
		{0F733F25-E04D-4ADE-876F-BD8D3079A6CC}.MementoCommercial|x64.ActiveCfg = RemoteDebug|x64
		{0F733F25-E04D-4ADE-876F-BD8D3079A6CC}.MementoCommercial|x64.Build.0 = RemoteDebug|x64
		{0F733F25-E04D-4ADE-876F-BD8D3079A6CC}.MementoCommercial|x86.ActiveCfg = RemoteDebug|Win32
		{0F733F25-E04D-4ADE-876F-BD8D3079A6CC}.MementoCommercial|x86.Build.0 = RemoteDebug|Win32
		{0F733F25-E04D-4ADE-876F-BD8D3079A6CC}.MementoOpenSSL|Win32.ActiveCfg = RemoteDebug|Win32
		{0F733F25-E04D-4ADE-876F-BD8D3079A6CC}.MementoOpenSSL|Win32.Build.0 = RemoteDebug|Win32
		{0F733F25-E04D-4ADE-876F-BD8D3079A6CC}.MementoOpenSSL|x64.ActiveCfg = RemoteDebug|x64
		{0F733F25-E04D-4ADE-876F-BD8D3079A6CC}.MementoOpenSSL|x64.Build.0 = RemoteDebug|x64
		{0F733F25-E04D-4ADE-876F-BD8D3079A6CC}.MementoOpenSSL|x86.ActiveCfg = RemoteDebug|Win32
		{0F733F25-E04D-4ADE-876F-BD8D3079A6CC}.MementoOpenSSL|x86.Build.0 = RemoteDebug|Win32
		{0F733F25-E04D-4ADE-876F-BD8D3079A6CC}.NiuRemoteDebug|Win32.ActiveCfg = NiuRemoteDebug|Win32
		{0F733F25-E04D-4ADE-876F-BD8D3079A6CC}.NiuRemoteDebug|Win32.Build.0 = NiuRemoteDebug|Win32
		{0F733F25-E04D-4ADE-876F-BD8D3079A6CC}.NiuRemoteDebug|x64.ActiveCfg = NiuRemoteDebug|x64
		{0F733F25-E04D-4ADE-876F-BD8D3079A6CC}.NiuRemoteDebug|x64.Build.0 = NiuRemoteDebug|x64
		{0F733F25-E04D-4ADE-876F-BD8D3079A6CC}.NiuRemoteDebug|x86.ActiveCfg = NiuRemoteDebug|Win32
		{0F733F25-E04D-4ADE-876F-BD8D3079A6CC}.NiuRemoteDebug|x86.Build.0 = NiuRemoteDebug|Win32
		{0F733F25-E04D-4ADE-876F-BD8D3079A6CC}.Release|Win32.ActiveCfg = Release|Win32
		{0F733F25-E04D-4ADE-876F-BD8D3079A6CC}.Release|Win32.Build.0 = Release|Win32
		{0F733F25-E04D-4ADE-876F-BD8D3079A6CC}.Release|x64.ActiveCfg = Release|x64
		{0F733F25-E04D-4ADE-876F-BD8D3079A6CC}.Release|x64.Build.0 = Release|x64
		{0F733F25-E04D-4ADE-876F-BD8D3079A6CC}.Release|x86.ActiveCfg = Release|Win32
		{0F733F25-E04D-4ADE-876F-BD8D3079A6CC}.Release|x86.Build.0 = Release|Win32
		{0F733F25-E04D-4ADE-876F-BD8D3079A6CC}.ReleaseCommercial|Win32.ActiveCfg = Release|Win32
		{0F733F25-E04D-4ADE-876F-BD8D3079A6CC}.ReleaseCommercial|Win32.Build.0 = Release|Win32
		{0F733F25-E04D-4ADE-876F-BD8D3079A6CC}.ReleaseCommercial|x64.ActiveCfg = Release|x64
		{0F733F25-E04D-4ADE-876F-BD8D3079A6CC}.ReleaseCommercial|x64.Build.0 = Release|x64
		{0F733F25-E04D-4ADE-876F-BD8D3079A6CC}.ReleaseCommercial|x86.ActiveCfg = Release|Win32
		{0F733F25-E04D-4ADE-876F-BD8D3079A6CC}.ReleaseCommercial|x86.Build.0 = Release|Win32
		{0F733F25-E04D-4ADE-876F-BD8D3079A6CC}.ReleaseGSView|Win32.ActiveCfg = Release|Win32
		{0F733F25-E04D-4ADE-876F-BD8D3079A6CC}.ReleaseGSView|Win32.Build.0 = Release|Win32
		{0F733F25-E04D-4ADE-876F-BD8D3079A6CC}.ReleaseGSView|x64.ActiveCfg = Release|x64
		{0F733F25-E04D-4ADE-876F-BD8D3079A6CC}.ReleaseGSView|x64.Build.0 = Release|x64
		{0F733F25-E04D-4ADE-876F-BD8D3079A6CC}.ReleaseGSView|x86.ActiveCfg = Release|Win32
		{0F733F25-E04D-4ADE-876F-BD8D3079A6CC}.ReleaseGSView|x86.Build.0 = Release|Win32
		{0F733F25-E04D-4ADE-876F-BD8D3079A6CC}.ReleaseJava|Win32.ActiveCfg = Release|Win32
		{0F733F25-E04D-4ADE-876F-BD8D3079A6CC}.ReleaseJava|Win32.Build.0 = Release|Win32
		{0F733F25-E04D-4ADE-876F-BD8D3079A6CC}.ReleaseJava|x64.ActiveCfg = Release|x64
		{0F733F25-E04D-4ADE-876F-BD8D3079A6CC}.ReleaseJava|x64.Build.0 = Release|x64
		{0F733F25-E04D-4ADE-876F-BD8D3079A6CC}.ReleaseJava|x86.ActiveCfg = Release|Win32
		{0F733F25-E04D-4ADE-876F-BD8D3079A6CC}.ReleaseJava|x86.Build.0 = Release|Win32
		{0F733F25-E04D-4ADE-876F-BD8D3079A6CC}.ReleaseOpenssl|Win32.ActiveCfg = Release|Win32
		{0F733F25-E04D-4ADE-876F-BD8D3079A6CC}.ReleaseOpenssl|Win32.Build.0 = Release|Win32
		{0F733F25-E04D-4ADE-876F-BD8D3079A6CC}.ReleaseOpenssl|x64.ActiveCfg = Release|x64
		{0F733F25-E04D-4ADE-876F-BD8D3079A6CC}.ReleaseOpenssl|x64.Build.0 = Release|x64
		{0F733F25-E04D-4ADE-876F-BD8D3079A6CC}.ReleaseOpenssl|x86.ActiveCfg = Release|Win32
		{0F733F25-E04D-4ADE-876F-BD8D3079A6CC}.ReleaseOpenssl|x86.Build.0 = Release|Win32
		{0F733F25-E04D-4ADE-876F-BD8D3079A6CC}.RemoteDebug|Win32.ActiveCfg = RemoteDebug|Win32
		{0F733F25-E04D-4ADE-876F-BD8D3079A6CC}.RemoteDebug|Win32.Build.0 = RemoteDebug|Win32
		{0F733F25-E04D-4ADE-876F-BD8D3079A6CC}.RemoteDebug|x64.ActiveCfg = RemoteDebug|x64
		{0F733F25-E04D-4ADE-876F-BD8D3079A6CC}.RemoteDebug|x64.Build.0 = RemoteDebug|x64
		{0F733F25-E04D-4ADE-876F-BD8D3079A6CC}.RemoteDebug|x86.ActiveCfg = RemoteDebug|Win32
		{0F733F25-E04D-4ADE-876F-BD8D3079A6CC}.RemoteDebug|x86.Build.0 = RemoteDebug|Win32
		{91B12FE2-3A3E-4CAC-8100-B9F90D67E339}.Debug|Win32.ActiveCfg = Debug|Win32
		{91B12FE2-3A3E-4CAC-8100-B9F90D67E339}.Debug|Win32.Build.0 = Debug|Win32
		{91B12FE2-3A3E-4CAC-8100-B9F90D67E339}.Debug|x64.ActiveCfg = Debug|x64
		{91B12FE2-3A3E-4CAC-8100-B9F90D67E339}.Debug|x64.Build.0 = Debug|x64
		{91B12FE2-3A3E-4CAC-8100-B9F90D67E339}.Debug|x86.ActiveCfg = Debug|Win32
		{91B12FE2-3A3E-4CAC-8100-B9F90D67E339}.Debug|x86.Build.0 = Debug|Win32
		{91B12FE2-3A3E-4CAC-8100-B9F90D67E339}.DebugCommercial|Win32.ActiveCfg = Debug|Win32
		{91B12FE2-3A3E-4CAC-8100-B9F90D67E339}.DebugCommercial|Win32.Build.0 = Debug|Win32
		{91B12FE2-3A3E-4CAC-8100-B9F90D67E339}.DebugCommercial|x64.ActiveCfg = Debug|x64
		{91B12FE2-3A3E-4CAC-8100-B9F90D67E339}.DebugCommercial|x64.Build.0 = Debug|x64
		{91B12FE2-3A3E-4CAC-8100-B9F90D67E339}.DebugCommercial|x86.ActiveCfg = Debug|Win32
		{91B12FE2-3A3E-4CAC-8100-B9F90D67E339}.DebugCommercial|x86.Build.0 = Debug|Win32
		{91B12FE2-3A3E-4CAC-8100-B9F90D67E339}.DebugGSView|Win32.ActiveCfg = Debug|Win32
		{91B12FE2-3A3E-4CAC-8100-B9F90D67E339}.DebugGSView|Win32.Build.0 = Debug|Win32
		{91B12FE2-3A3E-4CAC-8100-B9F90D67E339}.DebugGSView|x64.ActiveCfg = Debug|x64
		{91B12FE2-3A3E-4CAC-8100-B9F90D67E339}.DebugGSView|x64.Build.0 = Debug|x64
		{91B12FE2-3A3E-4CAC-8100-B9F90D67E339}.DebugGSView|x86.ActiveCfg = Debug|Win32
		{91B12FE2-3A3E-4CAC-8100-B9F90D67E339}.DebugGSView|x86.Build.0 = Debug|Win32
		{91B12FE2-3A3E-4CAC-8100-B9F90D67E339}.DebugJava|Win32.ActiveCfg = Debug|Win32
		{91B12FE2-3A3E-4CAC-8100-B9F90D67E339}.DebugJava|Win32.Build.0 = Debug|Win32
		{91B12FE2-3A3E-4CAC-8100-B9F90D67E339}.DebugJava|x64.ActiveCfg = Debug|x64
		{91B12FE2-3A3E-4CAC-8100-B9F90D67E339}.DebugJava|x64.Build.0 = Debug|x64
		{91B12FE2-3A3E-4CAC-8100-B9F90D67E339}.DebugJava|x86.ActiveCfg = Debug|Win32
		{91B12FE2-3A3E-4CAC-8100-B9F90D67E339}.DebugJava|x86.Build.0 = Debug|Win32
		{91B12FE2-3A3E-4CAC-8100-B9F90D67E339}.DebugOpenssl|Win32.ActiveCfg = Debug|Win32
		{91B12FE2-3A3E-4CAC-8100-B9F90D67E339}.DebugOpenssl|Win32.Build.0 = Debug|Win32
		{91B12FE2-3A3E-4CAC-8100-B9F90D67E339}.DebugOpenssl|x64.ActiveCfg = Debug|x64
		{91B12FE2-3A3E-4CAC-8100-B9F90D67E339}.DebugOpenssl|x64.Build.0 = Debug|x64
		{91B12FE2-3A3E-4CAC-8100-B9F90D67E339}.DebugOpenssl|x86.ActiveCfg = Debug|Win32
		{91B12FE2-3A3E-4CAC-8100-B9F90D67E339}.DebugOpenssl|x86.Build.0 = Debug|Win32
		{91B12FE2-3A3E-4CAC-8100-B9F90D67E339}.Memento|Win32.ActiveCfg = RemoteDebug|Win32
		{91B12FE2-3A3E-4CAC-8100-B9F90D67E339}.Memento|Win32.Build.0 = RemoteDebug|Win32
		{91B12FE2-3A3E-4CAC-8100-B9F90D67E339}.Memento|x64.ActiveCfg = RemoteDebug|x64
		{91B12FE2-3A3E-4CAC-8100-B9F90D67E339}.Memento|x64.Build.0 = RemoteDebug|x64
		{91B12FE2-3A3E-4CAC-8100-B9F90D67E339}.Memento|x86.ActiveCfg = RemoteDebug|Win32
		{91B12FE2-3A3E-4CAC-8100-B9F90D67E339}.Memento|x86.Build.0 = RemoteDebug|Win32
		{91B12FE2-3A3E-4CAC-8100-B9F90D67E339}.MementoCommercial|Win32.ActiveCfg = RemoteDebug|Win32
		{91B12FE2-3A3E-4CAC-8100-B9F90D67E339}.MementoCommercial|Win32.Build.0 = RemoteDebug|Win32
		{91B12FE2-3A3E-4CAC-8100-B9F90D67E339}.MementoCommercial|x64.ActiveCfg = RemoteDebug|x64
		{91B12FE2-3A3E-4CAC-8100-B9F90D67E339}.MementoCommercial|x64.Build.0 = RemoteDebug|x64
		{91B12FE2-3A3E-4CAC-8100-B9F90D67E339}.MementoCommercial|x86.ActiveCfg = RemoteDebug|Win32
		{91B12FE2-3A3E-4CAC-8100-B9F90D67E339}.MementoCommercial|x86.Build.0 = RemoteDebug|Win32
		{91B12FE2-3A3E-4CAC-8100-B9F90D67E339}.MementoOpenSSL|Win32.ActiveCfg = RemoteDebug|Win32
		{91B12FE2-3A3E-4CAC-8100-B9F90D67E339}.MementoOpenSSL|Win32.Build.0 = RemoteDebug|Win32
		{91B12FE2-3A3E-4CAC-8100-B9F90D67E339}.MementoOpenSSL|x64.ActiveCfg = RemoteDebug|x64
		{91B12FE2-3A3E-4CAC-8100-B9F90D67E339}.MementoOpenSSL|x64.Build.0 = RemoteDebug|x64
		{91B12FE2-3A3E-4CAC-8100-B9F90D67E339}.MementoOpenSSL|x86.ActiveCfg = RemoteDebug|Win32
		{91B12FE2-3A3E-4CAC-8100-B9F90D67E339}.MementoOpenSSL|x86.Build.0 = RemoteDebug|Win32
		{91B12FE2-3A3E-4CAC-8100-B9F90D67E339}.NiuRemoteDebug|Win32.ActiveCfg = NiuRemoteDebug|Win32
		{91B12FE2-3A3E-4CAC-8100-B9F90D67E339}.NiuRemoteDebug|Win32.Build.0 = NiuRemoteDebug|Win32
		{91B12FE2-3A3E-4CAC-8100-B9F90D67E339}.NiuRemoteDebug|x64.ActiveCfg = NiuRemoteDebug|x64
		{91B12FE2-3A3E-4CAC-8100-B9F90D67E339}.NiuRemoteDebug|x64.Build.0 = NiuRemoteDebug|x64
		{91B12FE2-3A3E-4CAC-8100-B9F90D67E339}.NiuRemoteDebug|x86.ActiveCfg = NiuRemoteDebug|Win32
		{91B12FE2-3A3E-4CAC-8100-B9F90D67E339}.NiuRemoteDebug|x86.Build.0 = NiuRemoteDebug|Win32
		{91B12FE2-3A3E-4CAC-8100-B9F90D67E339}.Release|Win32.ActiveCfg = Release|Win32
		{91B12FE2-3A3E-4CAC-8100-B9F90D67E339}.Release|Win32.Build.0 = Release|Win32
		{91B12FE2-3A3E-4CAC-8100-B9F90D67E339}.Release|x64.ActiveCfg = Release|x64
		{91B12FE2-3A3E-4CAC-8100-B9F90D67E339}.Release|x64.Build.0 = Release|x64
		{91B12FE2-3A3E-4CAC-8100-B9F90D67E339}.Release|x86.ActiveCfg = Release|Win32
		{91B12FE2-3A3E-4CAC-8100-B9F90D67E339}.Release|x86.Build.0 = Release|Win32
		{91B12FE2-3A3E-4CAC-8100-B9F90D67E339}.ReleaseCommercial|Win32.ActiveCfg = Release|Win32
		{91B12FE2-3A3E-4CAC-8100-B9F90D67E339}.ReleaseCommercial|Win32.Build.0 = Release|Win32
		{91B12FE2-3A3E-4CAC-8100-B9F90D67E339}.ReleaseCommercial|x64.ActiveCfg = Release|x64
		{91B12FE2-3A3E-4CAC-8100-B9F90D67E339}.ReleaseCommercial|x64.Build.0 = Release|x64
		{91B12FE2-3A3E-4CAC-8100-B9F90D67E339}.ReleaseCommercial|x86.ActiveCfg = Release|Win32
		{91B12FE2-3A3E-4CAC-8100-B9F90D67E339}.ReleaseCommercial|x86.Build.0 = Release|Win32
		{91B12FE2-3A3E-4CAC-8100-B9F90D67E339}.ReleaseGSView|Win32.ActiveCfg = Release|Win32
		{91B12FE2-3A3E-4CAC-8100-B9F90D67E339}.ReleaseGSView|Win32.Build.0 = Release|Win32
		{91B12FE2-3A3E-4CAC-8100-B9F90D67E339}.ReleaseGSView|x64.ActiveCfg = Release|x64
		{91B12FE2-3A3E-4CAC-8100-B9F90D67E339}.ReleaseGSView|x64.Build.0 = Release|x64
		{91B12FE2-3A3E-4CAC-8100-B9F90D67E339}.ReleaseGSView|x86.ActiveCfg = Release|Win32
		{91B12FE2-3A3E-4CAC-8100-B9F90D67E339}.ReleaseGSView|x86.Build.0 = Release|Win32
		{91B12FE2-3A3E-4CAC-8100-B9F90D67E339}.ReleaseJava|Win32.ActiveCfg = Release|Win32
		{91B12FE2-3A3E-4CAC-8100-B9F90D67E339}.ReleaseJava|Win32.Build.0 = Release|Win32
		{91B12FE2-3A3E-4CAC-8100-B9F90D67E339}.ReleaseJava|x64.ActiveCfg = Release|x64
		{91B12FE2-3A3E-4CAC-8100-B9F90D67E339}.ReleaseJava|x64.Build.0 = Release|x64
		{91B12FE2-3A3E-4CAC-8100-B9F90D67E339}.ReleaseJava|x86.ActiveCfg = Release|Win32
		{91B12FE2-3A3E-4CAC-8100-B9F90D67E339}.ReleaseJava|x86.Build.0 = Release|Win32
		{91B12FE2-3A3E-4CAC-8100-B9F90D67E339}.ReleaseOpenssl|Win32.ActiveCfg = Release|Win32
		{91B12FE2-3A3E-4CAC-8100-B9F90D67E339}.ReleaseOpenssl|Win32.Build.0 = Release|Win32
		{91B12FE2-3A3E-4CAC-8100-B9F90D67E339}.ReleaseOpenssl|x64.ActiveCfg = Release|x64
		{91B12FE2-3A3E-4CAC-8100-B9F90D67E339}.ReleaseOpenssl|x64.Build.0 = Release|x64
		{91B12FE2-3A3E-4CAC-8100-B9F90D67E339}.ReleaseOpenssl|x86.ActiveCfg = Release|Win32
		{91B12FE2-3A3E-4CAC-8100-B9F90D67E339}.ReleaseOpenssl|x86.Build.0 = Release|Win32
		{91B12FE2-3A3E-4CAC-8100-B9F90D67E339}.RemoteDebug|Win32.ActiveCfg = RemoteDebug|Win32
		{91B12FE2-3A3E-4CAC-8100-B9F90D67E339}.RemoteDebug|Win32.Build.0 = RemoteDebug|Win32
		{91B12FE2-3A3E-4CAC-8100-B9F90D67E339}.RemoteDebug|x64.ActiveCfg = RemoteDebug|x64
		{91B12FE2-3A3E-4CAC-8100-B9F90D67E339}.RemoteDebug|x64.Build.0 = RemoteDebug|x64
		{91B12FE2-3A3E-4CAC-8100-B9F90D67E339}.RemoteDebug|x86.ActiveCfg = RemoteDebug|Win32
		{91B12FE2-3A3E-4CAC-8100-B9F90D67E339}.RemoteDebug|x86.Build.0 = RemoteDebug|Win32
		{10565C82-8685-4B03-A821-6E91F35E43C3}.Debug|Win32.ActiveCfg = Debug|Win32
		{10565C82-8685-4B03-A821-6E91F35E43C3}.Debug|Win32.Build.0 = Debug|Win32
		{10565C82-8685-4B03-A821-6E91F35E43C3}.Debug|x64.ActiveCfg = Debug|x64
		{10565C82-8685-4B03-A821-6E91F35E43C3}.Debug|x64.Build.0 = Debug|x64
		{10565C82-8685-4B03-A821-6E91F35E43C3}.Debug|x86.ActiveCfg = Debug|Win32
		{10565C82-8685-4B03-A821-6E91F35E43C3}.Debug|x86.Build.0 = Debug|Win32
		{10565C82-8685-4B03-A821-6E91F35E43C3}.DebugCommercial|Win32.ActiveCfg = Debug|Win32
		{10565C82-8685-4B03-A821-6E91F35E43C3}.DebugCommercial|Win32.Build.0 = Debug|Win32
		{10565C82-8685-4B03-A821-6E91F35E43C3}.DebugCommercial|x64.ActiveCfg = Debug|x64
		{10565C82-8685-4B03-A821-6E91F35E43C3}.DebugCommercial|x64.Build.0 = Debug|x64
		{10565C82-8685-4B03-A821-6E91F35E43C3}.DebugCommercial|x86.ActiveCfg = Debug|Win32
		{10565C82-8685-4B03-A821-6E91F35E43C3}.DebugCommercial|x86.Build.0 = Debug|Win32
		{10565C82-8685-4B03-A821-6E91F35E43C3}.DebugGSView|Win32.ActiveCfg = Debug|Win32
		{10565C82-8685-4B03-A821-6E91F35E43C3}.DebugGSView|Win32.Build.0 = Debug|Win32
		{10565C82-8685-4B03-A821-6E91F35E43C3}.DebugGSView|x64.ActiveCfg = Debug|x64
		{10565C82-8685-4B03-A821-6E91F35E43C3}.DebugGSView|x64.Build.0 = Debug|x64
		{10565C82-8685-4B03-A821-6E91F35E43C3}.DebugGSView|x86.ActiveCfg = Debug|Win32
		{10565C82-8685-4B03-A821-6E91F35E43C3}.DebugGSView|x86.Build.0 = Debug|Win32
		{10565C82-8685-4B03-A821-6E91F35E43C3}.DebugJava|Win32.ActiveCfg = Debug|Win32
		{10565C82-8685-4B03-A821-6E91F35E43C3}.DebugJava|Win32.Build.0 = Debug|Win32
		{10565C82-8685-4B03-A821-6E91F35E43C3}.DebugJava|x64.ActiveCfg = Debug|x64
		{10565C82-8685-4B03-A821-6E91F35E43C3}.DebugJava|x64.Build.0 = Debug|x64
		{10565C82-8685-4B03-A821-6E91F35E43C3}.DebugJava|x86.ActiveCfg = Debug|Win32
		{10565C82-8685-4B03-A821-6E91F35E43C3}.DebugJava|x86.Build.0 = Debug|Win32
		{10565C82-8685-4B03-A821-6E91F35E43C3}.DebugOpenssl|Win32.ActiveCfg = Debug|Win32
		{10565C82-8685-4B03-A821-6E91F35E43C3}.DebugOpenssl|Win32.Build.0 = Debug|Win32
		{10565C82-8685-4B03-A821-6E91F35E43C3}.DebugOpenssl|x64.ActiveCfg = Debug|x64
		{10565C82-8685-4B03-A821-6E91F35E43C3}.DebugOpenssl|x64.Build.0 = Debug|x64
		{10565C82-8685-4B03-A821-6E91F35E43C3}.DebugOpenssl|x86.ActiveCfg = Debug|Win32
		{10565C82-8685-4B03-A821-6E91F35E43C3}.DebugOpenssl|x86.Build.0 = Debug|Win32
		{10565C82-8685-4B03-A821-6E91F35E43C3}.Memento|Win32.ActiveCfg = Release|Win32
		{10565C82-8685-4B03-A821-6E91F35E43C3}.Memento|Win32.Build.0 = Release|Win32
		{10565C82-8685-4B03-A821-6E91F35E43C3}.Memento|x64.ActiveCfg = Release|x64
		{10565C82-8685-4B03-A821-6E91F35E43C3}.Memento|x64.Build.0 = Release|x64
		{10565C82-8685-4B03-A821-6E91F35E43C3}.Memento|x86.ActiveCfg = Release|Win32
		{10565C82-8685-4B03-A821-6E91F35E43C3}.Memento|x86.Build.0 = Release|Win32
		{10565C82-8685-4B03-A821-6E91F35E43C3}.MementoCommercial|Win32.ActiveCfg = Release|Win32
		{10565C82-8685-4B03-A821-6E91F35E43C3}.MementoCommercial|Win32.Build.0 = Release|Win32
		{10565C82-8685-4B03-A821-6E91F35E43C3}.MementoCommercial|x64.ActiveCfg = Release|x64
		{10565C82-8685-4B03-A821-6E91F35E43C3}.MementoCommercial|x64.Build.0 = Release|x64
		{10565C82-8685-4B03-A821-6E91F35E43C3}.MementoCommercial|x86.ActiveCfg = Release|Win32
		{10565C82-8685-4B03-A821-6E91F35E43C3}.MementoCommercial|x86.Build.0 = Release|Win32
		{10565C82-8685-4B03-A821-6E91F35E43C3}.MementoOpenSSL|Win32.ActiveCfg = Release|Win32
		{10565C82-8685-4B03-A821-6E91F35E43C3}.MementoOpenSSL|Win32.Build.0 = Release|Win32
		{10565C82-8685-4B03-A821-6E91F35E43C3}.MementoOpenSSL|x64.ActiveCfg = Release|x64
		{10565C82-8685-4B03-A821-6E91F35E43C3}.MementoOpenSSL|x64.Build.0 = Release|x64
		{10565C82-8685-4B03-A821-6E91F35E43C3}.MementoOpenSSL|x86.ActiveCfg = Release|Win32
		{10565C82-8685-4B03-A821-6E91F35E43C3}.MementoOpenSSL|x86.Build.0 = Release|Win32
		{10565C82-8685-4B03-A821-6E91F35E43C3}.NiuRemoteDebug|Win32.ActiveCfg = Debug|Win32
		{10565C82-8685-4B03-A821-6E91F35E43C3}.NiuRemoteDebug|Win32.Build.0 = Debug|Win32
		{10565C82-8685-4B03-A821-6E91F35E43C3}.NiuRemoteDebug|x64.ActiveCfg = Debug|x64
		{10565C82-8685-4B03-A821-6E91F35E43C3}.NiuRemoteDebug|x64.Build.0 = Debug|x64
		{10565C82-8685-4B03-A821-6E91F35E43C3}.NiuRemoteDebug|x86.ActiveCfg = Debug|Win32
		{10565C82-8685-4B03-A821-6E91F35E43C3}.NiuRemoteDebug|x86.Build.0 = Debug|Win32
		{10565C82-8685-4B03-A821-6E91F35E43C3}.Release|Win32.ActiveCfg = Release|Win32
		{10565C82-8685-4B03-A821-6E91F35E43C3}.Release|Win32.Build.0 = Release|Win32
		{10565C82-8685-4B03-A821-6E91F35E43C3}.Release|x64.ActiveCfg = Release|x64
		{10565C82-8685-4B03-A821-6E91F35E43C3}.Release|x64.Build.0 = Release|x64
		{10565C82-8685-4B03-A821-6E91F35E43C3}.Release|x86.ActiveCfg = Release|Win32
		{10565C82-8685-4B03-A821-6E91F35E43C3}.Release|x86.Build.0 = Release|Win32
		{10565C82-8685-4B03-A821-6E91F35E43C3}.ReleaseCommercial|Win32.ActiveCfg = Release|Win32
		{10565C82-8685-4B03-A821-6E91F35E43C3}.ReleaseCommercial|Win32.Build.0 = Release|Win32
		{10565C82-8685-4B03-A821-6E91F35E43C3}.ReleaseCommercial|x64.ActiveCfg = Release|x64
		{10565C82-8685-4B03-A821-6E91F35E43C3}.ReleaseCommercial|x64.Build.0 = Release|x64
		{10565C82-8685-4B03-A821-6E91F35E43C3}.ReleaseCommercial|x86.ActiveCfg = Release|Win32
		{10565C82-8685-4B03-A821-6E91F35E43C3}.ReleaseCommercial|x86.Build.0 = Release|Win32
		{10565C82-8685-4B03-A821-6E91F35E43C3}.ReleaseGSView|Win32.ActiveCfg = Release|Win32
		{10565C82-8685-4B03-A821-6E91F35E43C3}.ReleaseGSView|Win32.Build.0 = Release|Win32
		{10565C82-8685-4B03-A821-6E91F35E43C3}.ReleaseGSView|x64.ActiveCfg = Release|x64
		{10565C82-8685-4B03-A821-6E91F35E43C3}.ReleaseGSView|x64.Build.0 = Release|x64
		{10565C82-8685-4B03-A821-6E91F35E43C3}.ReleaseGSView|x86.ActiveCfg = Release|Win32
		{10565C82-8685-4B03-A821-6E91F35E43C3}.ReleaseGSView|x86.Build.0 = Release|Win32
		{10565C82-8685-4B03-A821-6E91F35E43C3}.ReleaseJava|Win32.ActiveCfg = Release|Win32
		{10565C82-8685-4B03-A821-6E91F35E43C3}.ReleaseJava|Win32.Build.0 = Release|Win32
		{10565C82-8685-4B03-A821-6E91F35E43C3}.ReleaseJava|x64.ActiveCfg = Release|x64
		{10565C82-8685-4B03-A821-6E91F35E43C3}.ReleaseJava|x64.Build.0 = Release|x64
		{10565C82-8685-4B03-A821-6E91F35E43C3}.ReleaseJava|x86.ActiveCfg = Release|Win32
		{10565C82-8685-4B03-A821-6E91F35E43C3}.ReleaseJava|x86.Build.0 = Release|Win32
		{10565C82-8685-4B03-A821-6E91F35E43C3}.ReleaseOpenssl|Win32.ActiveCfg = Release|Win32
		{10565C82-8685-4B03-A821-6E91F35E43C3}.ReleaseOpenssl|Win32.Build.0 = Release|Win32
		{10565C82-8685-4B03-A821-6E91F35E43C3}.ReleaseOpenssl|x64.ActiveCfg = Release|x64
		{10565C82-8685-4B03-A821-6E91F35E43C3}.ReleaseOpenssl|x64.Build.0 = Release|x64
		{10565C82-8685-4B03-A821-6E91F35E43C3}.ReleaseOpenssl|x86.ActiveCfg = Release|Win32
		{10565C82-8685-4B03-A821-6E91F35E43C3}.ReleaseOpenssl|x86.Build.0 = Release|Win32
		{10565C82-8685-4B03-A821-6E91F35E43C3}.RemoteDebug|Win32.ActiveCfg = Debug|Win32
		{10565C82-8685-4B03-A821-6E91F35E43C3}.RemoteDebug|Win32.Build.0 = Debug|Win32
		{10565C82-8685-4B03-A821-6E91F35E43C3}.RemoteDebug|x64.ActiveCfg = Debug|x64
		{10565C82-8685-4B03-A821-6E91F35E43C3}.RemoteDebug|x64.Build.0 = Debug|x64
		{10565C82-8685-4B03-A821-6E91F35E43C3}.RemoteDebug|x86.ActiveCfg = Debug|Win32
		{10565C82-8685-4B03-A821-6E91F35E43C3}.RemoteDebug|x86.Build.0 = Debug|Win32
		{ACFC5C0A-CB69-4C09-B455-25461A5C6BD0}.Debug|Win32.ActiveCfg = Debug|Win32
		{ACFC5C0A-CB69-4C09-B455-25461A5C6BD0}.Debug|Win32.Build.0 = Debug|Win32
		{ACFC5C0A-CB69-4C09-B455-25461A5C6BD0}.Debug|x64.ActiveCfg = Debug|x64
		{ACFC5C0A-CB69-4C09-B455-25461A5C6BD0}.Debug|x64.Build.0 = Debug|x64
		{ACFC5C0A-CB69-4C09-B455-25461A5C6BD0}.Debug|x86.ActiveCfg = Debug|Win32
		{ACFC5C0A-CB69-4C09-B455-25461A5C6BD0}.Debug|x86.Build.0 = Debug|Win32
		{ACFC5C0A-CB69-4C09-B455-25461A5C6BD0}.DebugCommercial|Win32.ActiveCfg = Debug|Win32
		{ACFC5C0A-CB69-4C09-B455-25461A5C6BD0}.DebugCommercial|Win32.Build.0 = Debug|Win32
		{ACFC5C0A-CB69-4C09-B455-25461A5C6BD0}.DebugCommercial|x64.ActiveCfg = Debug|x64
		{ACFC5C0A-CB69-4C09-B455-25461A5C6BD0}.DebugCommercial|x64.Build.0 = Debug|x64
		{ACFC5C0A-CB69-4C09-B455-25461A5C6BD0}.DebugCommercial|x86.ActiveCfg = Debug|Win32
		{ACFC5C0A-CB69-4C09-B455-25461A5C6BD0}.DebugCommercial|x86.Build.0 = Debug|Win32
		{ACFC5C0A-CB69-4C09-B455-25461A5C6BD0}.DebugGSView|Win32.ActiveCfg = Debug|Win32
		{ACFC5C0A-CB69-4C09-B455-25461A5C6BD0}.DebugGSView|Win32.Build.0 = Debug|Win32
		{ACFC5C0A-CB69-4C09-B455-25461A5C6BD0}.DebugGSView|x64.ActiveCfg = Debug|x64
		{ACFC5C0A-CB69-4C09-B455-25461A5C6BD0}.DebugGSView|x64.Build.0 = Debug|x64
		{ACFC5C0A-CB69-4C09-B455-25461A5C6BD0}.DebugGSView|x86.ActiveCfg = Debug|Win32
		{ACFC5C0A-CB69-4C09-B455-25461A5C6BD0}.DebugGSView|x86.Build.0 = Debug|Win32
		{ACFC5C0A-CB69-4C09-B455-25461A5C6BD0}.DebugJava|Win32.ActiveCfg = Debug|Win32
		{ACFC5C0A-CB69-4C09-B455-25461A5C6BD0}.DebugJava|Win32.Build.0 = Debug|Win32
		{ACFC5C0A-CB69-4C09-B455-25461A5C6BD0}.DebugJava|x64.ActiveCfg = Debug|x64
		{ACFC5C0A-CB69-4C09-B455-25461A5C6BD0}.DebugJava|x64.Build.0 = Debug|x64
		{ACFC5C0A-CB69-4C09-B455-25461A5C6BD0}.DebugJava|x86.ActiveCfg = Debug|Win32
		{ACFC5C0A-CB69-4C09-B455-25461A5C6BD0}.DebugJava|x86.Build.0 = Debug|Win32
		{ACFC5C0A-CB69-4C09-B455-25461A5C6BD0}.DebugOpenssl|Win32.ActiveCfg = Debug|Win32
		{ACFC5C0A-CB69-4C09-B455-25461A5C6BD0}.DebugOpenssl|Win32.Build.0 = Debug|Win32
		{ACFC5C0A-CB69-4C09-B455-25461A5C6BD0}.DebugOpenssl|x64.ActiveCfg = Debug|x64
		{ACFC5C0A-CB69-4C09-B455-25461A5C6BD0}.DebugOpenssl|x64.Build.0 = Debug|x64
		{ACFC5C0A-CB69-4C09-B455-25461A5C6BD0}.DebugOpenssl|x86.ActiveCfg = Debug|Win32
		{ACFC5C0A-CB69-4C09-B455-25461A5C6BD0}.DebugOpenssl|x86.Build.0 = Debug|Win32
		{ACFC5C0A-CB69-4C09-B455-25461A5C6BD0}.Memento|Win32.ActiveCfg = Release|Win32
		{ACFC5C0A-CB69-4C09-B455-25461A5C6BD0}.Memento|Win32.Build.0 = Release|Win32
		{ACFC5C0A-CB69-4C09-B455-25461A5C6BD0}.Memento|x64.ActiveCfg = Release|x64
		{ACFC5C0A-CB69-4C09-B455-25461A5C6BD0}.Memento|x64.Build.0 = Release|x64
		{ACFC5C0A-CB69-4C09-B455-25461A5C6BD0}.Memento|x86.ActiveCfg = Release|Win32
		{ACFC5C0A-CB69-4C09-B455-25461A5C6BD0}.Memento|x86.Build.0 = Release|Win32
		{ACFC5C0A-CB69-4C09-B455-25461A5C6BD0}.MementoCommercial|Win32.ActiveCfg = Release|Win32
		{ACFC5C0A-CB69-4C09-B455-25461A5C6BD0}.MementoCommercial|Win32.Build.0 = Release|Win32
		{ACFC5C0A-CB69-4C09-B455-25461A5C6BD0}.MementoCommercial|x64.ActiveCfg = Release|x64
		{ACFC5C0A-CB69-4C09-B455-25461A5C6BD0}.MementoCommercial|x64.Build.0 = Release|x64
		{ACFC5C0A-CB69-4C09-B455-25461A5C6BD0}.MementoCommercial|x86.ActiveCfg = Release|Win32
		{ACFC5C0A-CB69-4C09-B455-25461A5C6BD0}.MementoCommercial|x86.Build.0 = Release|Win32
		{ACFC5C0A-CB69-4C09-B455-25461A5C6BD0}.MementoOpenSSL|Win32.ActiveCfg = Release|Win32
		{ACFC5C0A-CB69-4C09-B455-25461A5C6BD0}.MementoOpenSSL|Win32.Build.0 = Release|Win32
		{ACFC5C0A-CB69-4C09-B455-25461A5C6BD0}.MementoOpenSSL|x64.ActiveCfg = Release|x64
		{ACFC5C0A-CB69-4C09-B455-25461A5C6BD0}.MementoOpenSSL|x64.Build.0 = Release|x64
		{ACFC5C0A-CB69-4C09-B455-25461A5C6BD0}.MementoOpenSSL|x86.ActiveCfg = Release|Win32
		{ACFC5C0A-CB69-4C09-B455-25461A5C6BD0}.MementoOpenSSL|x86.Build.0 = Release|Win32
		{ACFC5C0A-CB69-4C09-B455-25461A5C6BD0}.NiuRemoteDebug|Win32.ActiveCfg = Debug|Win32
		{ACFC5C0A-CB69-4C09-B455-25461A5C6BD0}.NiuRemoteDebug|Win32.Build.0 = Debug|Win32
		{ACFC5C0A-CB69-4C09-B455-25461A5C6BD0}.NiuRemoteDebug|x64.ActiveCfg = Debug|x64
		{ACFC5C0A-CB69-4C09-B455-25461A5C6BD0}.NiuRemoteDebug|x64.Build.0 = Debug|x64
		{ACFC5C0A-CB69-4C09-B455-25461A5C6BD0}.NiuRemoteDebug|x86.ActiveCfg = Debug|Win32
		{ACFC5C0A-CB69-4C09-B455-25461A5C6BD0}.NiuRemoteDebug|x86.Build.0 = Debug|Win32
		{ACFC5C0A-CB69-4C09-B455-25461A5C6BD0}.Release|Win32.ActiveCfg = Release|Win32
		{ACFC5C0A-CB69-4C09-B455-25461A5C6BD0}.Release|Win32.Build.0 = Release|Win32
		{ACFC5C0A-CB69-4C09-B455-25461A5C6BD0}.Release|x64.ActiveCfg = Release|x64
		{ACFC5C0A-CB69-4C09-B455-25461A5C6BD0}.Release|x64.Build.0 = Release|x64
		{ACFC5C0A-CB69-4C09-B455-25461A5C6BD0}.Release|x86.ActiveCfg = Release|Win32
		{ACFC5C0A-CB69-4C09-B455-25461A5C6BD0}.Release|x86.Build.0 = Release|Win32
		{ACFC5C0A-CB69-4C09-B455-25461A5C6BD0}.ReleaseCommercial|Win32.ActiveCfg = Release|Win32
		{ACFC5C0A-CB69-4C09-B455-25461A5C6BD0}.ReleaseCommercial|Win32.Build.0 = Release|Win32
		{ACFC5C0A-CB69-4C09-B455-25461A5C6BD0}.ReleaseCommercial|x64.ActiveCfg = Release|x64
		{ACFC5C0A-CB69-4C09-B455-25461A5C6BD0}.ReleaseCommercial|x64.Build.0 = Release|x64
		{ACFC5C0A-CB69-4C09-B455-25461A5C6BD0}.ReleaseCommercial|x86.ActiveCfg = Release|Win32
		{ACFC5C0A-CB69-4C09-B455-25461A5C6BD0}.ReleaseCommercial|x86.Build.0 = Release|Win32
		{ACFC5C0A-CB69-4C09-B455-25461A5C6BD0}.ReleaseGSView|Win32.ActiveCfg = Release|Win32
		{ACFC5C0A-CB69-4C09-B455-25461A5C6BD0}.ReleaseGSView|Win32.Build.0 = Release|Win32
		{ACFC5C0A-CB69-4C09-B455-25461A5C6BD0}.ReleaseGSView|x64.ActiveCfg = Release|x64
		{ACFC5C0A-CB69-4C09-B455-25461A5C6BD0}.ReleaseGSView|x64.Build.0 = Release|x64
		{ACFC5C0A-CB69-4C09-B455-25461A5C6BD0}.ReleaseGSView|x86.ActiveCfg = Release|Win32
		{ACFC5C0A-CB69-4C09-B455-25461A5C6BD0}.ReleaseGSView|x86.Build.0 = Release|Win32
		{ACFC5C0A-CB69-4C09-B455-25461A5C6BD0}.ReleaseJava|Win32.ActiveCfg = Release|Win32
		{ACFC5C0A-CB69-4C09-B455-25461A5C6BD0}.ReleaseJava|Win32.Build.0 = Release|Win32
		{ACFC5C0A-CB69-4C09-B455-25461A5C6BD0}.ReleaseJava|x64.ActiveCfg = Release|x64
		{ACFC5C0A-CB69-4C09-B455-25461A5C6BD0}.ReleaseJava|x64.Build.0 = Release|x64
		{ACFC5C0A-CB69-4C09-B455-25461A5C6BD0}.ReleaseJava|x86.ActiveCfg = Release|Win32
		{ACFC5C0A-CB69-4C09-B455-25461A5C6BD0}.ReleaseJava|x86.Build.0 = Release|Win32
		{ACFC5C0A-CB69-4C09-B455-25461A5C6BD0}.ReleaseOpenssl|Win32.ActiveCfg = Release|Win32
		{ACFC5C0A-CB69-4C09-B455-25461A5C6BD0}.ReleaseOpenssl|Win32.Build.0 = Release|Win32
		{ACFC5C0A-CB69-4C09-B455-25461A5C6BD0}.ReleaseOpenssl|x64.ActiveCfg = Release|x64
		{ACFC5C0A-CB69-4C09-B455-25461A5C6BD0}.ReleaseOpenssl|x64.Build.0 = Release|x64
		{ACFC5C0A-CB69-4C09-B455-25461A5C6BD0}.ReleaseOpenssl|x86.ActiveCfg = Release|Win32
		{ACFC5C0A-CB69-4C09-B455-25461A5C6BD0}.ReleaseOpenssl|x86.Build.0 = Release|Win32
		{ACFC5C0A-CB69-4C09-B455-25461A5C6BD0}.RemoteDebug|Win32.ActiveCfg = Debug|Win32
		{ACFC5C0A-CB69-4C09-B455-25461A5C6BD0}.RemoteDebug|Win32.Build.0 = Debug|Win32
		{ACFC5C0A-CB69-4C09-B455-25461A5C6BD0}.RemoteDebug|x64.ActiveCfg = Debug|x64
		{ACFC5C0A-CB69-4C09-B455-25461A5C6BD0}.RemoteDebug|x64.Build.0 = Debug|x64
		{ACFC5C0A-CB69-4C09-B455-25461A5C6BD0}.RemoteDebug|x86.ActiveCfg = Debug|Win32
		{ACFC5C0A-CB69-4C09-B455-25461A5C6BD0}.RemoteDebug|x86.Build.0 = Debug|Win32
	EndGlobalSection
	GlobalSection(SolutionProperties) = preSolution
		HideSolutionNode = FALSE
	EndGlobalSection
	GlobalSection(ExtensibilityGlobals) = postSolution
		VisualSVNWorkingCopyRoot = .
		SolutionGuid = {B5C838E6-1CD5-4DDD-BF94-912A2B5CFA30}
	EndGlobalSection
EndGlobal
