<?xml version="1.0" encoding="utf-8"?>
<Project ToolsVersion="4.0" xmlns="http://schemas.microsoft.com/developer/msbuild/2003">
  <ItemGroup>
    <Filter Include="Source Files">
      <UniqueIdentifier>{4FC737F1-C7A5-4376-A066-2A32D752A2FF}</UniqueIdentifier>
      <Extensions>cpp;c;cc;cxx;def;odl;idl;hpj;bat;asm;asmx</Extensions>
    </Filter>
    <Filter Include="Header Files">
      <UniqueIdentifier>{93995380-89BD-4b04-88EB-625FBE52EBFB}</UniqueIdentifier>
      <Extensions>h;hh;hpp;hxx;hm;inl;inc;xsd</Extensions>
    </Filter>
    <Filter Include="Resource Files">
      <UniqueIdentifier>{67DA6AB6-F800-4c08-8B7A-83BB121AAD01}</UniqueIdentifier>
      <Extensions>rc;ico;cur;bmp;dlg;rc2;rct;bin;rgs;gif;jpg;jpeg;jpe;resx;tiff;tif;png;wav;mfcribbon-ms</Extensions>
    </Filter>
  </ItemGroup>
  <ItemGroup>
    <None Include="EdPdf.def">
      <Filter>Source Files</Filter>
    </None>
  </ItemGroup>
  <ItemGroup>
    <ClInclude Include="pdfDocument.h">
      <Filter>Header Files</Filter>
    </ClInclude>
    <ClInclude Include="pdfModule.h">
      <Filter>Header Files</Filter>
    </ClInclude>
    <ClInclude Include="pdfPage.h">
      <Filter>Header Files</Filter>
    </ClInclude>
    <ClInclude Include="PdfmImp.h">
      <Filter>Header Files</Filter>
    </ClInclude>
    <ClInclude Include="resource.h">
      <Filter>Header Files</Filter>
    </ClInclude>
    <ClInclude Include="..\inc\EdDoc.h">
      <Filter>Header Files</Filter>
    </ClInclude>
    <ClInclude Include="inkAnnot.h">
      <Filter>Header Files</Filter>
    </ClInclude>
    <ClInclude Include="pdfAnnot.h">
      <Filter>Header Files</Filter>
    </ClInclude>
    <ClInclude Include="pdfImg.h">
      <Filter>Header Files</Filter>
    </ClInclude>
    <ClInclude Include="..\comm\cmmGeometry.h">
      <Filter>Header Files</Filter>
    </ClInclude>
    <ClInclude Include="pdfStextPage.h">
      <Filter>Header Files</Filter>
    </ClInclude>
    <ClInclude Include="pdfStextQuadList.h">
      <Filter>Header Files</Filter>
    </ClInclude>
    <ClInclude Include="stextAnnot.h">
      <Filter>Header Files</Filter>
    </ClInclude>
    <ClInclude Include="..\comm\PageCtl.h">
      <Filter>Header Files</Filter>
    </ClInclude>
    <ClInclude Include="..\comm\cmmPath.h">
      <Filter>Header Files</Filter>
    </ClInclude>
    <ClInclude Include="EdPdf.h">
      <Filter>Header Files</Filter>
    </ClInclude>
    <ClInclude Include="PdfCreator.h">
      <Filter>Header Files</Filter>
    </ClInclude>
  </ItemGroup>
  <ItemGroup>
    <ClCompile Include="pdfDocument.cpp">
      <Filter>Source Files</Filter>
    </ClCompile>
    <ClCompile Include="pdfModule.cpp">
      <Filter>Source Files</Filter>
    </ClCompile>
    <ClCompile Include="pdfPage.cpp">
      <Filter>Source Files</Filter>
    </ClCompile>
    <ClCompile Include="inkAnnot.cpp">
      <Filter>Source Files</Filter>
    </ClCompile>
    <ClCompile Include="pdfAnnot.cpp">
      <Filter>Source Files</Filter>
    </ClCompile>
    <ClCompile Include="pdfImg.cpp">
      <Filter>Source Files</Filter>
    </ClCompile>
    <ClCompile Include="pdfStextPage.cpp">
      <Filter>Source Files</Filter>
    </ClCompile>
    <ClCompile Include="pdfStextQuadList.cpp">
      <Filter>Source Files</Filter>
    </ClCompile>
    <ClCompile Include="stextAnnot.cpp">
      <Filter>Source Files</Filter>
    </ClCompile>
    <ClCompile Include="..\comm\PageCtl.cpp">
      <Filter>Source Files</Filter>
    </ClCompile>
    <ClCompile Include="..\comm\cmmPath.cpp">
      <Filter>Source Files</Filter>
    </ClCompile>
    <ClCompile Include="EdPdf.cpp">
      <Filter>Source Files</Filter>
    </ClCompile>
    <ClCompile Include="PdfCreator.cpp">
      <Filter>Source Files</Filter>
    </ClCompile>
  </ItemGroup>
  <ItemGroup>
    <ResourceCompile Include="EdPdf.rc">
      <Filter>Resource Files</Filter>
    </ResourceCompile>
  </ItemGroup>
</Project>