<?xml version="1.0" encoding="utf-8"?>
<Project ToolsVersion="4.0" xmlns="http://schemas.microsoft.com/developer/msbuild/2003">
  <ItemGroup>
    <Filter Include="Source Files">
      <UniqueIdentifier>{4FC737F1-C7A5-4376-A066-2A32D752A2FF}</UniqueIdentifier>
      <Extensions>cpp;c;cc;cxx;def;odl;idl;hpj;bat;asm;asmx</Extensions>
    </Filter>
    <Filter Include="Header Files">
      <UniqueIdentifier>{93995380-89BD-4b04-88EB-625FBE52EBFB}</UniqueIdentifier>
      <Extensions>h;hpp;hxx;hm;inl;inc;xsd</Extensions>
    </Filter>
    <Filter Include="Resource Files">
      <UniqueIdentifier>{67DA6AB6-F800-4c08-8B7A-83BB121AAD01}</UniqueIdentifier>
      <Extensions>rc;ico;cur;bmp;dlg;rc2;rct;bin;rgs;gif;jpg;jpeg;jpe;resx;tiff;tif;png;wav;mfcribbon-ms</Extensions>
    </Filter>
    <Filter Include="comm">
      <UniqueIdentifier>{f2b3ea55-537a-4e6f-8e04-2294fab943db}</UniqueIdentifier>
    </Filter>
  </ItemGroup>
  <ItemGroup>
    <None Include="ReadMe.txt" />
    <None Include="VfMsgBoxLibrary.def">
      <Filter>Source Files</Filter>
    </None>
  </ItemGroup>
  <ItemGroup>
    <ClInclude Include="stdafx.h">
      <Filter>Header Files</Filter>
    </ClInclude>
    <ClInclude Include="targetver.h">
      <Filter>Header Files</Filter>
    </ClInclude>
    <ClInclude Include="FactoryImp.h">
      <Filter>Header Files</Filter>
    </ClInclude>
    <ClInclude Include="MsgBoxResource.h">
      <Filter>Resource Files</Filter>
    </ClInclude>
    <ClInclude Include="..\comm\cmmPath.h">
      <Filter>comm</Filter>
    </ClInclude>
    <ClInclude Include="..\comm\cmmStrHandle.h">
      <Filter>comm</Filter>
    </ClInclude>
    <ClInclude Include="..\comm\XUIx.h">
      <Filter>comm</Filter>
    </ClInclude>
    <ClInclude Include="resource.h">
      <Filter>Header Files</Filter>
    </ClInclude>
    <ClInclude Include="MsgDefine.h">
      <Filter>Header Files</Filter>
    </ClInclude>
    <ClInclude Include="ReaderBaseFrame.h">
      <Filter>Header Files</Filter>
    </ClInclude>
    <ClInclude Include="PdfPicture.h">
      <Filter>Header Files</Filter>
    </ClInclude>
    <ClInclude Include="ToolbarH.h">
      <Filter>Header Files</Filter>
    </ClInclude>
    <ClInclude Include="FileOpenDlg.h">
      <Filter>Header Files</Filter>
    </ClInclude>
    <ClInclude Include="TipFrame.h">
      <Filter>Header Files</Filter>
    </ClInclude>
    <ClInclude Include="FileListItem.h">
      <Filter>Header Files</Filter>
    </ClInclude>
    <ClInclude Include="JumpPage.h">
      <Filter>Header Files</Filter>
    </ClInclude>
    <ClInclude Include="HellFun.h">
      <Filter>Header Files</Filter>
    </ClInclude>
    <ClInclude Include="PreNextButton.h">
      <Filter>Header Files</Filter>
    </ClInclude>
    <ClInclude Include="ZoomControl.h">
      <Filter>Header Files</Filter>
    </ClInclude>
    <ClInclude Include="ZoomControlToolbar.h">
      <Filter>Header Files</Filter>
    </ClInclude>
    <ClInclude Include="EdViewCtl.h">
      <Filter>Header Files</Filter>
    </ClInclude>
    <ClInclude Include="SnapShot.h">
      <Filter>Header Files</Filter>
    </ClInclude>
    <ClInclude Include="ErInputHold.h">
      <Filter>Header Files</Filter>
    </ClInclude>
    <ClInclude Include="ZoomControlTxt.h">
      <Filter>Header Files</Filter>
    </ClInclude>
    <ClInclude Include="ZoomControlToolbarTxt.h">
      <Filter>Header Files</Filter>
    </ClInclude>
    <ClInclude Include="..\inc\EdDoc.h">
      <Filter>Header Files</Filter>
    </ClInclude>
    <ClInclude Include="Loading.h">
      <Filter>Header Files</Filter>
    </ClInclude>
  </ItemGroup>
  <ItemGroup>
    <ClCompile Include="stdafx.cpp">
      <Filter>Source Files</Filter>
    </ClCompile>
    <ClCompile Include="dllmain.cpp">
      <Filter>Source Files</Filter>
    </ClCompile>
    <ClCompile Include="FactoryImp.cpp">
      <Filter>Source Files</Filter>
    </ClCompile>
    <ClCompile Include="..\comm\cmmPath.cpp">
      <Filter>comm</Filter>
    </ClCompile>
    <ClCompile Include="..\comm\cmmStrHandle.cpp">
      <Filter>comm</Filter>
    </ClCompile>
    <ClCompile Include="..\comm\XUIx.cpp">
      <Filter>comm</Filter>
    </ClCompile>
    <ClCompile Include="SmCuveImp.cpp">
      <Filter>Source Files</Filter>
    </ClCompile>
    <ClCompile Include="ReaderBaseFrame.cpp">
      <Filter>Source Files</Filter>
    </ClCompile>
    <ClCompile Include="PdfPicture.cpp">
      <Filter>Source Files</Filter>
    </ClCompile>
    <ClCompile Include="ToolbarH.cpp">
      <Filter>Source Files</Filter>
    </ClCompile>
    <ClCompile Include="FileOpenDlg.cpp">
      <Filter>Source Files</Filter>
    </ClCompile>
    <ClCompile Include="TipFrame.cpp">
      <Filter>Source Files</Filter>
    </ClCompile>
    <ClCompile Include="FileListItem.cpp">
      <Filter>Source Files</Filter>
    </ClCompile>
    <ClCompile Include="JumpPage.cpp">
      <Filter>Source Files</Filter>
    </ClCompile>
    <ClCompile Include="HellFun.cpp">
      <Filter>Source Files</Filter>
    </ClCompile>
    <ClCompile Include="PreNextButton.cpp">
      <Filter>Source Files</Filter>
    </ClCompile>
    <ClCompile Include="ZoomControl.cpp">
      <Filter>Source Files</Filter>
    </ClCompile>
    <ClCompile Include="ZoomControlToolbar.cpp">
      <Filter>Source Files</Filter>
    </ClCompile>
    <ClCompile Include="EdViewCtl.cpp">
      <Filter>Source Files</Filter>
    </ClCompile>
    <ClCompile Include="SnapShot.cpp">
      <Filter>Source Files</Filter>
    </ClCompile>
    <ClCompile Include="ZoomControlTxt.cpp">
      <Filter>Source Files</Filter>
    </ClCompile>
    <ClCompile Include="ZoomControlToolbarTxt.cpp">
      <Filter>Source Files</Filter>
    </ClCompile>
    <ClCompile Include="Loading.cpp">
      <Filter>Source Files</Filter>
    </ClCompile>
  </ItemGroup>
  <ItemGroup>
    <ResourceCompile Include="EinkReaderLibrary.rc">
      <Filter>Resource Files</Filter>
    </ResourceCompile>
  </ItemGroup>
</Project>