<?xml version="1.0" encoding="utf-8"?>
<Project ToolsVersion="4.0" xmlns="http://schemas.microsoft.com/developer/msbuild/2003">
  <ItemGroup>
    <Filter Include="include">
      <UniqueIdentifier>{2c261ec4-417b-428c-b6c5-8ecbb9f33834}</UniqueIdentifier>
    </Filter>
    <Filter Include="source">
      <UniqueIdentifier>{4182b7ff-5ff4-4d8b-ab66-e2f8e1240b4a}</UniqueIdentifier>
    </Filter>
  </ItemGroup>
  <ItemGroup>
    <ClInclude Include="..\..\include\mupdf\helpers\mu-threads.h">
      <Filter>include</Filter>
    </ClInclude>
  </ItemGroup>
  <ItemGroup>
    <ClCompile Include="..\..\source\helpers\mu-threads\mu-threads.c">
      <Filter>source</Filter>
    </ClCompile>
  </ItemGroup>
</Project>