<?xml version="1.0" encoding="utf-8"?>
<Project ToolsVersion="4.0" xmlns="http://schemas.microsoft.com/developer/msbuild/2003">
  <ItemGroup>
    <Filter Include="include">
      <UniqueIdentifier>{ea2f3d9e-0a24-4235-94c9-62239170ff27}</UniqueIdentifier>
    </Filter>
    <Filter Include="source">
      <UniqueIdentifier>{82e52649-57dc-4e26-bf8d-cd42ee98a1a5}</UniqueIdentifier>
    </Filter>
  </ItemGroup>
  <ItemGroup>
    <ClInclude Include="..\..\include\mupdf\helpers\mu-office-lib.h">
      <Filter>include</Filter>
    </ClInclude>
  </ItemGroup>
  <ItemGroup>
    <ClCompile Include="..\..\source\helpers\mu-office-lib\mu-office-lib.c">
      <Filter>source</Filter>
    </ClCompile>
  </ItemGroup>
</Project>